// !$*UTF8*$!
{
	archiveVersion = 1;
	classes = {
	};
	objectVersion = 46;
	objects = {

/* Begin PBXBuildFile section */
		4F2D5F591D97191C00CF842D /* rwchcd_lcd.c in Sources */ = {isa = PBXBuildFile; fileRef = 4F2D5F571D97191C00CF842D /* rwchcd_lcd.c */; };
		4F3AFBAC1D8873C500D86EE7 /* rwchcd_config.c in Sources */ = {isa = PBXBuildFile; fileRef = 4F3AFBAA1D8873C500D86EE7 /* rwchcd_config.c */; };
		4F3AFBAF1D8884ED00D86EE7 /* rwchcd_runtime.c in Sources */ = {isa = PBXBuildFile; fileRef = 4F3AFBAD1D8884ED00D86EE7 /* rwchcd_runtime.c */; };
		4F3AFBB21D88867600D86EE7 /* rwchcd_lib.c in Sources */ = {isa = PBXBuildFile; fileRef = 4F3AFBB01D88867600D86EE7 /* rwchcd_lib.c */; };
		4F961FA21D8D66BF00E2A8AF /* rwchcd_logic.c in Sources */ = {isa = PBXBuildFile; fileRef = 4F961FA01D8D66BF00E2A8AF /* rwchcd_logic.c */; };
		4FC1847B1DA6809E000E514B /* rwchcd_storage.c in Sources */ = {isa = PBXBuildFile; fileRef = 4FC184791DA6809E000E514B /* rwchcd_storage.c */; };
		4FCD55161D835D04003BB848 /* rwchcd_hardware.c in Sources */ = {isa = PBXBuildFile; fileRef = 4FCD550E1D835D04003BB848 /* rwchcd_hardware.c */; };
		4FCD55171D835D04003BB848 /* rwchcd_plant.c in Sources */ = {isa = PBXBuildFile; fileRef = 4FCD55101D835D04003BB848 /* rwchcd_plant.c */; };
		4FCD55181D835D04003BB848 /* rwchcd_spi.c in Sources */ = {isa = PBXBuildFile; fileRef = 4FCD55121D835D04003BB848 /* rwchcd_spi.c */; };
		4FCD55191D835D04003BB848 /* rwchcd.c in Sources */ = {isa = PBXBuildFile; fileRef = 4FCD55141D835D04003BB848 /* rwchcd.c */; };
/* End PBXBuildFile section */

/* Begin PBXCopyFilesBuildPhase section */
		4FCD55031D835CF6003BB848 /* CopyFiles */ = {
			isa = PBXCopyFilesBuildPhase;
			buildActionMask = 2147483647;
			dstPath = /usr/share/man/man1/;
			dstSubfolderSpec = 0;
			files = (
			);
			runOnlyForDeploymentPostprocessing = 1;
		};
/* End PBXCopyFilesBuildPhase section */

/* Begin PBXFileReference section */
		4F2D5F571D97191C00CF842D /* rwchcd_lcd.c */ = {isa = PBXFileReference; fileEncoding = 4; lastKnownFileType = sourcecode.c.c; path = rwchcd_lcd.c; sourceTree = SOURCE_ROOT; };
		4F2D5F581D97191C00CF842D /* rwchcd_lcd.h */ = {isa = PBXFileReference; fileEncoding = 4; lastKnownFileType = sourcecode.c.h; path = rwchcd_lcd.h; sourceTree = SOURCE_ROOT; };
		4F3AFBAA1D8873C500D86EE7 /* rwchcd_config.c */ = {isa = PBXFileReference; fileEncoding = 4; lastKnownFileType = sourcecode.c.c; path = rwchcd_config.c; sourceTree = SOURCE_ROOT; };
		4F3AFBAB1D8873C500D86EE7 /* rwchcd_config.h */ = {isa = PBXFileReference; fileEncoding = 4; lastKnownFileType = sourcecode.c.h; path = rwchcd_config.h; sourceTree = SOURCE_ROOT; };
		4F3AFBAD1D8884ED00D86EE7 /* rwchcd_runtime.c */ = {isa = PBXFileReference; fileEncoding = 4; lastKnownFileType = sourcecode.c.c; path = rwchcd_runtime.c; sourceTree = SOURCE_ROOT; };
		4F3AFBAE1D8884ED00D86EE7 /* rwchcd_runtime.h */ = {isa = PBXFileReference; fileEncoding = 4; lastKnownFileType = sourcecode.c.h; path = rwchcd_runtime.h; sourceTree = SOURCE_ROOT; };
		4F3AFBB01D88867600D86EE7 /* rwchcd_lib.c */ = {isa = PBXFileReference; fileEncoding = 4; lastKnownFileType = sourcecode.c.c; path = rwchcd_lib.c; sourceTree = SOURCE_ROOT; };
		4F3AFBB11D88867600D86EE7 /* rwchcd_lib.h */ = {isa = PBXFileReference; fileEncoding = 4; lastKnownFileType = sourcecode.c.h; path = rwchcd_lib.h; sourceTree = SOURCE_ROOT; };
		4F961F9F1D899D5100E2A8AF /* Makefile */ = {isa = PBXFileReference; fileEncoding = 4; lastKnownFileType = sourcecode.make; path = Makefile; sourceTree = SOURCE_ROOT; };
		4F961FA01D8D66BF00E2A8AF /* rwchcd_logic.c */ = {isa = PBXFileReference; fileEncoding = 4; lastKnownFileType = sourcecode.c.c; path = rwchcd_logic.c; sourceTree = SOURCE_ROOT; };
		4F961FA11D8D66BF00E2A8AF /* rwchcd_logic.h */ = {isa = PBXFileReference; fileEncoding = 4; lastKnownFileType = sourcecode.c.h; path = rwchcd_logic.h; sourceTree = SOURCE_ROOT; };
		4FC184791DA6809E000E514B /* rwchcd_storage.c */ = {isa = PBXFileReference; fileEncoding = 4; lastKnownFileType = sourcecode.c.c; path = rwchcd_storage.c; sourceTree = SOURCE_ROOT; };
		4FC1847A1DA6809E000E514B /* rwchcd_storage.h */ = {isa = PBXFileReference; fileEncoding = 4; lastKnownFileType = sourcecode.c.h; path = rwchcd_storage.h; sourceTree = SOURCE_ROOT; };
		4FCD55051D835CF6003BB848 /* daemon */ = {isa = PBXFileReference; explicitFileType = "compiled.mach-o.executable"; includeInIndex = 0; path = daemon; sourceTree = BUILT_PRODUCTS_DIR; };
		4FCD550D1D835D04003BB848 /* rwchc_export.h */ = {isa = PBXFileReference; fileEncoding = 4; lastKnownFileType = sourcecode.c.h; path = rwchc_export.h; sourceTree = SOURCE_ROOT; };
		4FCD550E1D835D04003BB848 /* rwchcd_hardware.c */ = {isa = PBXFileReference; fileEncoding = 4; lastKnownFileType = sourcecode.c.c; path = rwchcd_hardware.c; sourceTree = SOURCE_ROOT; };
		4FCD550F1D835D04003BB848 /* rwchcd_hardware.h */ = {isa = PBXFileReference; fileEncoding = 4; lastKnownFileType = sourcecode.c.h; path = rwchcd_hardware.h; sourceTree = SOURCE_ROOT; };
		4FCD55101D835D04003BB848 /* rwchcd_plant.c */ = {isa = PBXFileReference; fileEncoding = 4; lastKnownFileType = sourcecode.c.c; path = rwchcd_plant.c; sourceTree = SOURCE_ROOT; };
		4FCD55111D835D04003BB848 /* rwchcd_plant.h */ = {isa = PBXFileReference; fileEncoding = 4; lastKnownFileType = sourcecode.c.h; path = rwchcd_plant.h; sourceTree = SOURCE_ROOT; };
		4FCD55121D835D04003BB848 /* rwchcd_spi.c */ = {isa = PBXFileReference; fileEncoding = 4; lastKnownFileType = sourcecode.c.c; path = rwchcd_spi.c; sourceTree = SOURCE_ROOT; };
		4FCD55131D835D04003BB848 /* rwchcd_spi.h */ = {isa = PBXFileReference; fileEncoding = 4; lastKnownFileType = sourcecode.c.h; path = rwchcd_spi.h; sourceTree = SOURCE_ROOT; };
		4FCD55141D835D04003BB848 /* rwchcd.c */ = {isa = PBXFileReference; fileEncoding = 4; lastKnownFileType = sourcecode.c.c; path = rwchcd.c; sourceTree = SOURCE_ROOT; };
		4FCD55151D835D04003BB848 /* rwchcd.h */ = {isa = PBXFileReference; fileEncoding = 4; lastKnownFileType = sourcecode.c.h; path = rwchcd.h; sourceTree = SOURCE_ROOT; };
/* End PBXFileReference section */

/* Begin PBXFrameworksBuildPhase section */
		4FCD55021D835CF6003BB848 /* Frameworks */ = {
			isa = PBXFrameworksBuildPhase;
			buildActionMask = 2147483647;
			files = (
			);
			runOnlyForDeploymentPostprocessing = 0;
		};
/* End PBXFrameworksBuildPhase section */

/* Begin PBXGroup section */
		4FCD54EC1D835C0B003BB848 = {
			isa = PBXGroup;
			children = (
				4FCD55071D835CF6003BB848 /* daemon */,
				4FCD55061D835CF6003BB848 /* Products */,
			);
			sourceTree = "<group>";
		};
		4FCD55061D835CF6003BB848 /* Products */ = {
			isa = PBXGroup;
			children = (
				4FCD55051D835CF6003BB848 /* daemon */,
			);
			name = Products;
			sourceTree = "<group>";
		};
		4FCD55071D835CF6003BB848 /* daemon */ = {
			isa = PBXGroup;
			children = (
				4FCD550D1D835D04003BB848 /* rwchc_export.h */,
				4F961F9F1D899D5100E2A8AF /* Makefile */,
				4FCD550E1D835D04003BB848 /* rwchcd_hardware.c */,
				4FCD550F1D835D04003BB848 /* rwchcd_hardware.h */,
				4FCD55101D835D04003BB848 /* rwchcd_plant.c */,
				4FCD55111D835D04003BB848 /* rwchcd_plant.h */,
				4FCD55121D835D04003BB848 /* rwchcd_spi.c */,
				4FCD55131D835D04003BB848 /* rwchcd_spi.h */,
				4F3AFBB01D88867600D86EE7 /* rwchcd_lib.c */,
				4F3AFBB11D88867600D86EE7 /* rwchcd_lib.h */,
				4F3AFBAA1D8873C500D86EE7 /* rwchcd_config.c */,
				4F3AFBAB1D8873C500D86EE7 /* rwchcd_config.h */,
				4F2D5F571D97191C00CF842D /* rwchcd_lcd.c */,
				4F2D5F581D97191C00CF842D /* rwchcd_lcd.h */,
				4F3AFBAD1D8884ED00D86EE7 /* rwchcd_runtime.c */,
				4F3AFBAE1D8884ED00D86EE7 /* rwchcd_runtime.h */,
				4F961FA01D8D66BF00E2A8AF /* rwchcd_logic.c */,
				4FC184791DA6809E000E514B /* rwchcd_storage.c */,
				4FC1847A1DA6809E000E514B /* rwchcd_storage.h */,
				4F961FA11D8D66BF00E2A8AF /* rwchcd_logic.h */,
				4FCD55141D835D04003BB848 /* rwchcd.c */,
				4FCD55151D835D04003BB848 /* rwchcd.h */,
			);
			path = daemon;
			sourceTree = "<group>";
		};
/* End PBXGroup section */

/* Begin PBXLegacyTarget section */
		4FCD54F11D835C0B003BB848 /* rwchcd */ = {
			isa = PBXLegacyTarget;
			buildArgumentsString = "$(ACTION)";
			buildConfigurationList = 4FCD54F41D835C0B003BB848 /* Build configuration list for PBXLegacyTarget "rwchcd" */;
			buildPhases = (
			);
			buildToolPath = /usr/bin/true;
			buildWorkingDirectory = "";
			dependencies = (
			);
			name = rwchcd;
			passBuildSettingsInEnvironment = 1;
			productName = rwchcd;
		};
/* End PBXLegacyTarget section */

/* Begin PBXNativeTarget section */
		4FCD55041D835CF6003BB848 /* daemon */ = {
			isa = PBXNativeTarget;
			buildConfigurationList = 4FCD550A1D835CF6003BB848 /* Build configuration list for PBXNativeTarget "daemon" */;
			buildPhases = (
				4FCD55011D835CF6003BB848 /* Sources */,
				4FCD55021D835CF6003BB848 /* Frameworks */,
				4FCD55031D835CF6003BB848 /* CopyFiles */,
			);
			buildRules = (
			);
			dependencies = (
			);
			name = daemon;
			productName = daemon;
			productReference = 4FCD55051D835CF6003BB848 /* daemon */;
			productType = "com.apple.product-type.tool";
		};
/* End PBXNativeTarget section */

/* Begin PBXProject section */
		4FCD54ED1D835C0B003BB848 /* Project object */ = {
			isa = PBXProject;
			attributes = {
				LastUpgradeCheck = 0720;
				ORGANIZATIONNAME = Slashdirt;
				TargetAttributes = {
					4FCD54F11D835C0B003BB848 = {
						CreatedOnToolsVersion = 7.2;
					};
					4FCD55041D835CF6003BB848 = {
						CreatedOnToolsVersion = 7.2;
					};
				};
			};
			buildConfigurationList = 4FCD54F01D835C0B003BB848 /* Build configuration list for PBXProject "rwchcd" */;
			compatibilityVersion = "Xcode 3.2";
			developmentRegion = English;
			hasScannedForEncodings = 0;
			knownRegions = (
				en,
			);
			mainGroup = 4FCD54EC1D835C0B003BB848;
			productRefGroup = 4FCD55061D835CF6003BB848 /* Products */;
			projectDirPath = "";
			projectRoot = "";
			targets = (
				4FCD54F11D835C0B003BB848 /* rwchcd */,
				4FCD55041D835CF6003BB848 /* daemon */,
			);
		};
/* End PBXProject section */

/* Begin PBXSourcesBuildPhase section */
		4FCD55011D835CF6003BB848 /* Sources */ = {
			isa = PBXSourcesBuildPhase;
			buildActionMask = 2147483647;
			files = (
				4FC1847B1DA6809E000E514B /* rwchcd_storage.c in Sources */,
				4FCD55161D835D04003BB848 /* rwchcd_hardware.c in Sources */,
				4F3AFBAC1D8873C500D86EE7 /* rwchcd_config.c in Sources */,
				4F3AFBB21D88867600D86EE7 /* rwchcd_lib.c in Sources */,
				4FCD55171D835D04003BB848 /* rwchcd_plant.c in Sources */,
				4FCD55181D835D04003BB848 /* rwchcd_spi.c in Sources */,
				4F2D5F591D97191C00CF842D /* rwchcd_lcd.c in Sources */,
				4FCD55191D835D04003BB848 /* rwchcd.c in Sources */,
				4F3AFBAF1D8884ED00D86EE7 /* rwchcd_runtime.c in Sources */,
				4F961FA21D8D66BF00E2A8AF /* rwchcd_logic.c in Sources */,
			);
			runOnlyForDeploymentPostprocessing = 0;
		};
/* End PBXSourcesBuildPhase section */

/* Begin XCBuildConfiguration section */
		4FCD54F21D835C0B003BB848 /* Debug */ = {
			isa = XCBuildConfiguration;
			buildSettings = {
				ALWAYS_SEARCH_USER_PATHS = NO;
				CLANG_CXX_LANGUAGE_STANDARD = "gnu++0x";
				CLANG_CXX_LIBRARY = "libc++";
				CLANG_ENABLE_MODULES = YES;
				CLANG_ENABLE_OBJC_ARC = YES;
				CLANG_WARN_BOOL_CONVERSION = YES;
				CLANG_WARN_CONSTANT_CONVERSION = YES;
				CLANG_WARN_DIRECT_OBJC_ISA_USAGE = YES_ERROR;
				CLANG_WARN_EMPTY_BODY = YES;
				CLANG_WARN_ENUM_CONVERSION = YES;
				CLANG_WARN_INT_CONVERSION = YES;
				CLANG_WARN_OBJC_ROOT_CLASS = YES_ERROR;
				CLANG_WARN_UNREACHABLE_CODE = YES;
				CLANG_WARN__DUPLICATE_METHOD_MATCH = YES;
				COPY_PHASE_STRIP = NO;
				DEBUG_INFORMATION_FORMAT = dwarf;
				ENABLE_STRICT_OBJC_MSGSEND = YES;
				ENABLE_TESTABILITY = YES;
				GCC_C_LANGUAGE_STANDARD = gnu99;
				GCC_DYNAMIC_NO_PIC = NO;
				GCC_NO_COMMON_BLOCKS = YES;
				GCC_OPTIMIZATION_LEVEL = 0;
				GCC_PREPROCESSOR_DEFINITIONS = (
					"DEBUG=1",
					"$(inherited)",
				);
				GCC_WARN_64_TO_32_BIT_CONVERSION = YES;
				GCC_WARN_ABOUT_RETURN_TYPE = YES_ERROR;
				GCC_WARN_UNDECLARED_SELECTOR = YES;
				GCC_WARN_UNINITIALIZED_AUTOS = YES_AGGRESSIVE;
				GCC_WARN_UNUSED_FUNCTION = YES;
				GCC_WARN_UNUSED_VARIABLE = YES;
				MTL_ENABLE_DEBUG_INFO = YES;
				ONLY_ACTIVE_ARCH = YES;
			};
			name = Debug;
		};
		4FCD54F31D835C0B003BB848 /* Release */ = {
			isa = XCBuildConfiguration;
			buildSettings = {
				ALWAYS_SEARCH_USER_PATHS = NO;
				CLANG_CXX_LANGUAGE_STANDARD = "gnu++0x";
				CLANG_CXX_LIBRARY = "libc++";
				CLANG_ENABLE_MODULES = YES;
				CLANG_ENABLE_OBJC_ARC = YES;
				CLANG_WARN_BOOL_CONVERSION = YES;
				CLANG_WARN_CONSTANT_CONVERSION = YES;
				CLANG_WARN_DIRECT_OBJC_ISA_USAGE = YES_ERROR;
				CLANG_WARN_EMPTY_BODY = YES;
				CLANG_WARN_ENUM_CONVERSION = YES;
				CLANG_WARN_INT_CONVERSION = YES;
				CLANG_WARN_OBJC_ROOT_CLASS = YES_ERROR;
				CLANG_WARN_UNREACHABLE_CODE = YES;
				CLANG_WARN__DUPLICATE_METHOD_MATCH = YES;
				COPY_PHASE_STRIP = NO;
				DEBUG_INFORMATION_FORMAT = "dwarf-with-dsym";
				ENABLE_NS_ASSERTIONS = NO;
				ENABLE_STRICT_OBJC_MSGSEND = YES;
				GCC_C_LANGUAGE_STANDARD = gnu99;
				GCC_NO_COMMON_BLOCKS = YES;
				GCC_WARN_64_TO_32_BIT_CONVERSION = YES;
				GCC_WARN_ABOUT_RETURN_TYPE = YES_ERROR;
				GCC_WARN_UNDECLARED_SELECTOR = YES;
				GCC_WARN_UNINITIALIZED_AUTOS = YES_AGGRESSIVE;
				GCC_WARN_UNUSED_FUNCTION = YES;
				GCC_WARN_UNUSED_VARIABLE = YES;
				MTL_ENABLE_DEBUG_INFO = NO;
			};
			name = Release;
		};
		4FCD54F51D835C0B003BB848 /* Debug */ = {
			isa = XCBuildConfiguration;
			buildSettings = {
				DEBUGGING_SYMBOLS = YES;
				DEBUG_INFORMATION_FORMAT = dwarf;
				GCC_GENERATE_DEBUGGING_SYMBOLS = YES;
				GCC_OPTIMIZATION_LEVEL = 0;
				OTHER_CFLAGS = "";
				OTHER_LDFLAGS = "";
				PRODUCT_NAME = "$(TARGET_NAME)";
			};
			name = Debug;
		};
		4FCD54F61D835C0B003BB848 /* Release */ = {
			isa = XCBuildConfiguration;
			buildSettings = {
				DEBUG_INFORMATION_FORMAT = "dwarf-with-dsym";
				OTHER_CFLAGS = "";
				OTHER_LDFLAGS = "";
				PRODUCT_NAME = "$(TARGET_NAME)";
			};
			name = Release;
		};
		4FCD550B1D835CF6003BB848 /* Debug */ = {
			isa = XCBuildConfiguration;
			buildSettings = {
				CODE_SIGN_IDENTITY = "-";
				MACOSX_DEPLOYMENT_TARGET = 10.10;
				PRODUCT_NAME = "$(TARGET_NAME)";
				SDKROOT = macosx;
			};
			name = Debug;
		};
		4FCD550C1D835CF6003BB848 /* Release */ = {
			isa = XCBuildConfiguration;
			buildSettings = {
				CODE_SIGN_IDENTITY = "-";
				MACOSX_DEPLOYMENT_TARGET = 10.10;
				PRODUCT_NAME = "$(TARGET_NAME)";
				SDKROOT = macosx;
			};
			name = Release;
		};
/* End XCBuildConfiguration section */

/* Begin XCConfigurationList section */
		4FCD54F01D835C0B003BB848 /* Build configuration list for PBXProject "rwchcd" */ = {
			isa = XCConfigurationList;
			buildConfigurations = (
				4FCD54F21D835C0B003BB848 /* Debug */,
				4FCD54F31D835C0B003BB848 /* Release */,
			);
			defaultConfigurationIsVisible = 0;
			defaultConfigurationName = Release;
		};
		4FCD54F41D835C0B003BB848 /* Build configuration list for PBXLegacyTarget "rwchcd" */ = {
			isa = XCConfigurationList;
			buildConfigurations = (
				4FCD54F51D835C0B003BB848 /* Debug */,
				4FCD54F61D835C0B003BB848 /* Release */,
			);
			defaultConfigurationIsVisible = 0;
			defaultConfigurationName = Release;
		};
		4FCD550A1D835CF6003BB848 /* Build configuration list for PBXNativeTarget "daemon" */ = {
			isa = XCConfigurationList;
			buildConfigurations = (
				4FCD550B1D835CF6003BB848 /* Debug */,
				4FCD550C1D835CF6003BB848 /* Release */,
			);
			defaultConfigurationIsVisible = 0;
			defaultConfigurationName = Release;
		};
/* End XCConfigurationList section */
	};
	rootObject = 4FCD54ED1D835C0B003BB848 /* Project object */;
}
