// !$*UTF8*$!
{
	archiveVersion = 1;
	classes = {
	};
	objectVersion = 46;
	objects = {

/* Begin PBXBuildFile section */
		4F01C2AD25220A74008AA53D /* temperature.c in Sources */ = {isa = PBXBuildFile; fileRef = 4F01C2AC25220A74008AA53D /* temperature.c */; };
		4F08254F248429910068FC22 /* scheduler_parse.c in Sources */ = {isa = PBXBuildFile; fileRef = 4F08254E248429910068FC22 /* scheduler_parse.c */; };
		4F0825522484383B0068FC22 /* models_parse.c in Sources */ = {isa = PBXBuildFile; fileRef = 4F0825512484383B0068FC22 /* models_parse.c */; };
		4F08255524844AF20068FC22 /* storage_parse.c in Sources */ = {isa = PBXBuildFile; fileRef = 4F08255424844AF20068FC22 /* storage_parse.c */; };
		4F08255824844CD40068FC22 /* log_parse.c in Sources */ = {isa = PBXBuildFile; fileRef = 4F08255724844CD40068FC22 /* log_parse.c */; };
		4F08255B248589B40068FC22 /* pump_parse.c in Sources */ = {isa = PBXBuildFile; fileRef = 4F08255A248589B40068FC22 /* pump_parse.c */; };
		4F08255E248597620068FC22 /* valve_parse.c in Sources */ = {isa = PBXBuildFile; fileRef = 4F08255D248597620068FC22 /* valve_parse.c */; };
		4F08256424859E110068FC22 /* pump_dump.c in Sources */ = {isa = PBXBuildFile; fileRef = 4F08256324859E110068FC22 /* pump_dump.c */; };
		4F08256724859F9D0068FC22 /* valve_dump.c in Sources */ = {isa = PBXBuildFile; fileRef = 4F08256624859F9D0068FC22 /* valve_dump.c */; };
		4F0E1D74220A16FD00DB5ACA /* timekeep.c in Sources */ = {isa = PBXBuildFile; fileRef = 4F0E1D72220A16FD00DB5ACA /* timekeep.c */; };
		4F15A85E1EBF74880000507A /* alarms.c in Sources */ = {isa = PBXBuildFile; fileRef = 4F15A85C1EBF74880000507A /* alarms.c */; };
		4F299C8C218E1DBE009DCBC2 /* log_rrd.c in Sources */ = {isa = PBXBuildFile; fileRef = 4F299C8A218E1DBE009DCBC2 /* log_rrd.c */; };
		4F299C8F218E4E2E009DCBC2 /* log_file.c in Sources */ = {isa = PBXBuildFile; fileRef = 4F299C8D218E4E2E009DCBC2 /* log_file.c */; };
		4F299C9221AABD2C009DCBC2 /* log.c in Sources */ = {isa = PBXBuildFile; fileRef = 4F299C9021AABD2C009DCBC2 /* log.c */; };
		4F3AFBAF1D8884ED00D86EE7 /* runtime.c in Sources */ = {isa = PBXBuildFile; fileRef = 4F3AFBAD1D8884ED00D86EE7 /* runtime.c */; };
		4F3AFBB21D88867600D86EE7 /* lib.c in Sources */ = {isa = PBXBuildFile; fileRef = 4F3AFBB01D88867600D86EE7 /* lib.c */; };
		4F3EC1612524CE8500ACE8BA /* outputs.c in Sources */ = {isa = PBXBuildFile; fileRef = 4F3EC1602524CE8500ACE8BA /* outputs.c */; };
		4F3EC1652524CED300ACE8BA /* relay.c in Sources */ = {isa = PBXBuildFile; fileRef = 4F3EC1642524CED300ACE8BA /* relay.c */; };
		4F3EC1692524E42B00ACE8BA /* relay_parse.c in Sources */ = {isa = PBXBuildFile; fileRef = 4F3EC1682524E42B00ACE8BA /* relay_parse.c */; };
		4F3EC16D2524E5C400ACE8BA /* outputs_parse.c in Sources */ = {isa = PBXBuildFile; fileRef = 4F3EC16C2524E5C400ACE8BA /* outputs_parse.c */; };
		4F42A5D01F967BC3001B0A1F /* pump.c in Sources */ = {isa = PBXBuildFile; fileRef = 4F42A5CE1F967BC3001B0A1F /* pump.c */; };
		4F42A5D31F968069001B0A1F /* valve.c in Sources */ = {isa = PBXBuildFile; fileRef = 4F42A5D11F968069001B0A1F /* valve.c */; };
		4F42A5D61F9683CC001B0A1F /* heatsource.c in Sources */ = {isa = PBXBuildFile; fileRef = 4F42A5D41F9683CC001B0A1F /* heatsource.c */; };
		4F42A5D91F9687F3001B0A1F /* hcircuit.c in Sources */ = {isa = PBXBuildFile; fileRef = 4F42A5D71F9687F3001B0A1F /* hcircuit.c */; };
		4F42A5DC1F968AE8001B0A1F /* dhwt.c in Sources */ = {isa = PBXBuildFile; fileRef = 4F42A5DA1F968AE8001B0A1F /* dhwt.c */; };
		4F42A5DF1F96AD0A001B0A1F /* boiler.c in Sources */ = {isa = PBXBuildFile; fileRef = 4F42A5DD1F96AD0A001B0A1F /* boiler.c */; };
		4F43569C23157AE60030EB89 /* hw_lib.c in Sources */ = {isa = PBXBuildFile; fileRef = 4F43569B23157AE60030EB89 /* hw_lib.c */; };
		4F4D5C0F252A3A91003130BC /* Makefile in Sources */ = {isa = PBXBuildFile; fileRef = 4F4D5C0E252A3A91003130BC /* Makefile */; };
		4F650A0025261AB90071EC45 /* backend.c in Sources */ = {isa = PBXBuildFile; fileRef = 4F6509FF25261AB90071EC45 /* backend.c */; };
		4F650A09252626580071EC45 /* filecfg.c in Sources */ = {isa = PBXBuildFile; fileRef = 4F650A08252626580071EC45 /* filecfg.c */; };
		4F869E99233A5EF300541A07 /* log_statsd.c in Sources */ = {isa = PBXBuildFile; fileRef = 4F42E98A23393156000A268A /* log_statsd.c */; };
		4F94476021EA7BBE00FCF120 /* filecfg_parser.c in Sources */ = {isa = PBXBuildFile; fileRef = 4F94475E21EA7BBE00FCF120 /* filecfg_parser.c */; };
		4F99FD222088D18500DDAB75 /* filecfg_dump.c in Sources */ = {isa = PBXBuildFile; fileRef = 4F99FD202088D18500DDAB75 /* filecfg_dump.c */; };
		4F99FD27208B7F0F00DDAB75 /* hw_p1_backend.c in Sources */ = {isa = PBXBuildFile; fileRef = 4F99FD25208B7F0F00DDAB75 /* hw_p1_backend.c */; };
		4F99FD2A208BBE0000DDAB75 /* hw_p1_setup.c in Sources */ = {isa = PBXBuildFile; fileRef = 4F99FD28208BBE0000DDAB75 /* hw_p1_setup.c */; };
		4F99FD2D208BCF3200DDAB75 /* hw_p1_filecfg.c in Sources */ = {isa = PBXBuildFile; fileRef = 4F99FD2B208BCF3200DDAB75 /* hw_p1_filecfg.c */; };
		4FA61C3E1E06F75100B4D862 /* timer.c in Sources */ = {isa = PBXBuildFile; fileRef = 4FA61C3C1E06F75100B4D862 /* timer.c */; };
		4FA61C411E0955AA00B4D862 /* scheduler.c in Sources */ = {isa = PBXBuildFile; fileRef = 4FA61C3F1E0955AA00B4D862 /* scheduler.c */; };
		4FA9A53E252B47220091D0F5 /* filecfg_parser.y in Sources */ = {isa = PBXBuildFile; fileRef = 4F94475D21DAA14200FCF120 /* filecfg_parser.y */; };
		4FA9A53F252B47220091D0F5 /* filecfg_parser.l in Sources */ = {isa = PBXBuildFile; fileRef = 4F94475C21DAA0FF00FCF120 /* filecfg_parser.l */; };
		4FA9A542252B48580091D0F5 /* Makefile in Sources */ = {isa = PBXBuildFile; fileRef = 4FA9A541252B48580091D0F5 /* Makefile */; };
		4FBFEB7D252889480062B1FB /* inputs_dump.c in Sources */ = {isa = PBXBuildFile; fileRef = 4FBFEB7C252889480062B1FB /* inputs_dump.c */; };
		4FBFEB81252889E40062B1FB /* temperature_dump.c in Sources */ = {isa = PBXBuildFile; fileRef = 4FBFEB80252889E40062B1FB /* temperature_dump.c */; };
		4FBFEB8525288C6D0062B1FB /* relay_dump.c in Sources */ = {isa = PBXBuildFile; fileRef = 4FBFEB8425288C6D0062B1FB /* relay_dump.c */; };
		4FBFEB8925288D360062B1FB /* outputs_dump.c in Sources */ = {isa = PBXBuildFile; fileRef = 4FBFEB8825288D360062B1FB /* outputs_dump.c */; };
		4FC1132225235AA2009AA17D /* inputs.c in Sources */ = {isa = PBXBuildFile; fileRef = 4FC1132125235AA2009AA17D /* inputs.c */; };
		4FC1132625239963009AA17D /* temperature_parse.c in Sources */ = {isa = PBXBuildFile; fileRef = 4FC1132525239963009AA17D /* temperature_parse.c */; };
		4FC1132A25239B50009AA17D /* inputs_parse.c in Sources */ = {isa = PBXBuildFile; fileRef = 4FC1132925239B50009AA17D /* inputs_parse.c */; };
		4FC1847B1DA6809E000E514B /* storage.c in Sources */ = {isa = PBXBuildFile; fileRef = 4FC184791DA6809E000E514B /* storage.c */; };
		4FC1847E1DA7B2F9000E514B /* dbus.c in Sources */ = {isa = PBXBuildFile; fileRef = 4FC1847C1DA7B2F9000E514B /* dbus.c */; };
		4FC304A81EBDCDB900D77AC6 /* models.c in Sources */ = {isa = PBXBuildFile; fileRef = 4FC304A61EBDCDB900D77AC6 /* models.c */; };
		4FC68951206FAB4D00A3A065 /* hardware.c in Sources */ = {isa = PBXBuildFile; fileRef = 4FC6894F206FAB4D00A3A065 /* hardware.c */; };
		4FC689542071304900A3A065 /* hw_backends.c in Sources */ = {isa = PBXBuildFile; fileRef = 4FC689522071304900A3A065 /* hw_backends.c */; };
		4FC689632071773800A3A065 /* hw_p1.c in Sources */ = {isa = PBXBuildFile; fileRef = 4FC6895D207176F800A3A065 /* hw_p1.c */; };
		4FC689642071773C00A3A065 /* hw_p1_lcd.c in Sources */ = {isa = PBXBuildFile; fileRef = 4FC6895F207176F800A3A065 /* hw_p1_lcd.c */; };
		4FC689652071773F00A3A065 /* hw_p1_spi.c in Sources */ = {isa = PBXBuildFile; fileRef = 4FC68961207176F800A3A065 /* hw_p1_spi.c */; };
		4FCD55171D835D04003BB848 /* plant.c in Sources */ = {isa = PBXBuildFile; fileRef = 4FCD55101D835D04003BB848 /* plant.c */; };
		4FCD55191D835D04003BB848 /* rwchcd.c in Sources */ = {isa = PBXBuildFile; fileRef = 4FCD55141D835D04003BB848 /* rwchcd.c */; };
		4FE70C3424864A4E0066007D /* models_dump.c in Sources */ = {isa = PBXBuildFile; fileRef = 4FE70C3324864A4E0066007D /* models_dump.c */; };
		4FE70C3724864BDF0066007D /* scheduler_dump.c in Sources */ = {isa = PBXBuildFile; fileRef = 4FE70C3624864BDF0066007D /* scheduler_dump.c */; };
		4FE70C3A248651360066007D /* storage_dump.c in Sources */ = {isa = PBXBuildFile; fileRef = 4FE70C39248651360066007D /* storage_dump.c */; };
		4FE70C3D248658540066007D /* boiler_dump.c in Sources */ = {isa = PBXBuildFile; fileRef = 4FE70C3C248658540066007D /* boiler_dump.c */; };
		4FE70C402486585E0066007D /* boiler_parse.c in Sources */ = {isa = PBXBuildFile; fileRef = 4FE70C3F2486585E0066007D /* boiler_parse.c */; };
		4FE70C43248659E90066007D /* heatsource_dump.c in Sources */ = {isa = PBXBuildFile; fileRef = 4FE70C42248659E90066007D /* heatsource_dump.c */; };
		4FE70C46248659F40066007D /* heatsource_parse.c in Sources */ = {isa = PBXBuildFile; fileRef = 4FE70C45248659F40066007D /* heatsource_parse.c */; };
		4FE70C4924865E330066007D /* dhwt_dump.c in Sources */ = {isa = PBXBuildFile; fileRef = 4FE70C4824865E330066007D /* dhwt_dump.c */; };
		4FE70C4C24865E3B0066007D /* dhwt_parse.c in Sources */ = {isa = PBXBuildFile; fileRef = 4FE70C4B24865E3B0066007D /* dhwt_parse.c */; };
		4FE70C4F248663AA0066007D /* hcircuit_dump.c in Sources */ = {isa = PBXBuildFile; fileRef = 4FE70C4E248663AA0066007D /* hcircuit_dump.c */; };
		4FE70C52248663B30066007D /* hcircuit_parse.c in Sources */ = {isa = PBXBuildFile; fileRef = 4FE70C51248663B30066007D /* hcircuit_parse.c */; };
		4FE70C552486A0020066007D /* log_dump.c in Sources */ = {isa = PBXBuildFile; fileRef = 4FE70C542486A0020066007D /* log_dump.c */; };
		4FE70C582486AA810066007D /* plant_dump.c in Sources */ = {isa = PBXBuildFile; fileRef = 4FE70C572486AA810066007D /* plant_dump.c */; };
		4FE70C5B2486AA8E0066007D /* plant_parse.c in Sources */ = {isa = PBXBuildFile; fileRef = 4FE70C5A2486AA8E0066007D /* plant_parse.c */; };
		4FE70C5E2486BBC90066007D /* backends_dump.c in Sources */ = {isa = PBXBuildFile; fileRef = 4FE70C5D2486BBC90066007D /* backends_dump.c */; };
		4FE70C612486BBD50066007D /* backends_parse.c in Sources */ = {isa = PBXBuildFile; fileRef = 4FE70C602486BBD50066007D /* backends_parse.c */; };
/* End PBXBuildFile section */

/* Begin PBXCopyFilesBuildPhase section */
		4FCD55031D835CF6003BB848 /* CopyFiles */ = {
			isa = PBXCopyFilesBuildPhase;
			buildActionMask = 2147483647;
			dstPath = /usr/share/man/man1/;
			dstSubfolderSpec = 0;
			files = (
			);
			runOnlyForDeploymentPostprocessing = 1;
		};
/* End PBXCopyFilesBuildPhase section */

/* Begin PBXFileReference section */
		4F01C2AB25220A74008AA53D /* temperature.h */ = {isa = PBXFileReference; lastKnownFileType = sourcecode.c.h; name = temperature.h; path = io/inputs/temperature.h; sourceTree = SOURCE_ROOT; };
		4F01C2AC25220A74008AA53D /* temperature.c */ = {isa = PBXFileReference; lastKnownFileType = sourcecode.c.c; name = temperature.c; path = io/inputs/temperature.c; sourceTree = SOURCE_ROOT; };
		4F08254D248429910068FC22 /* scheduler_parse.h */ = {isa = PBXFileReference; lastKnownFileType = sourcecode.c.h; name = scheduler_parse.h; path = filecfg/parse/scheduler_parse.h; sourceTree = SOURCE_ROOT; };
		4F08254E248429910068FC22 /* scheduler_parse.c */ = {isa = PBXFileReference; lastKnownFileType = sourcecode.c.c; name = scheduler_parse.c; path = filecfg/parse/scheduler_parse.c; sourceTree = SOURCE_ROOT; };
		4F0825502484383B0068FC22 /* models_parse.h */ = {isa = PBXFileReference; lastKnownFileType = sourcecode.c.h; name = models_parse.h; path = filecfg/parse/models_parse.h; sourceTree = SOURCE_ROOT; };
		4F0825512484383B0068FC22 /* models_parse.c */ = {isa = PBXFileReference; lastKnownFileType = sourcecode.c.c; name = models_parse.c; path = filecfg/parse/models_parse.c; sourceTree = SOURCE_ROOT; };
		4F08255324844AF20068FC22 /* storage_parse.h */ = {isa = PBXFileReference; lastKnownFileType = sourcecode.c.h; name = storage_parse.h; path = filecfg/parse/storage_parse.h; sourceTree = SOURCE_ROOT; };
		4F08255424844AF20068FC22 /* storage_parse.c */ = {isa = PBXFileReference; lastKnownFileType = sourcecode.c.c; name = storage_parse.c; path = filecfg/parse/storage_parse.c; sourceTree = SOURCE_ROOT; };
		4F08255624844CD40068FC22 /* log_parse.h */ = {isa = PBXFileReference; lastKnownFileType = sourcecode.c.h; name = log_parse.h; path = filecfg/parse/log_parse.h; sourceTree = SOURCE_ROOT; };
		4F08255724844CD40068FC22 /* log_parse.c */ = {isa = PBXFileReference; lastKnownFileType = sourcecode.c.c; name = log_parse.c; path = filecfg/parse/log_parse.c; sourceTree = SOURCE_ROOT; };
		4F082559248589B40068FC22 /* pump_parse.h */ = {isa = PBXFileReference; lastKnownFileType = sourcecode.c.h; name = pump_parse.h; path = filecfg/parse/pump_parse.h; sourceTree = SOURCE_ROOT; };
		4F08255A248589B40068FC22 /* pump_parse.c */ = {isa = PBXFileReference; lastKnownFileType = sourcecode.c.c; name = pump_parse.c; path = filecfg/parse/pump_parse.c; sourceTree = SOURCE_ROOT; };
		4F08255C248597620068FC22 /* valve_parse.h */ = {isa = PBXFileReference; lastKnownFileType = sourcecode.c.h; name = valve_parse.h; path = filecfg/parse/valve_parse.h; sourceTree = SOURCE_ROOT; };
		4F08255D248597620068FC22 /* valve_parse.c */ = {isa = PBXFileReference; lastKnownFileType = sourcecode.c.c; name = valve_parse.c; path = filecfg/parse/valve_parse.c; sourceTree = SOURCE_ROOT; };
		4F08256224859E110068FC22 /* pump_dump.h */ = {isa = PBXFileReference; lastKnownFileType = sourcecode.c.h; path = pump_dump.h; sourceTree = "<group>"; };
		4F08256324859E110068FC22 /* pump_dump.c */ = {isa = PBXFileReference; lastKnownFileType = sourcecode.c.c; path = pump_dump.c; sourceTree = "<group>"; };
		4F08256524859F9D0068FC22 /* valve_dump.h */ = {isa = PBXFileReference; lastKnownFileType = sourcecode.c.h; path = valve_dump.h; sourceTree = "<group>"; };
		4F08256624859F9D0068FC22 /* valve_dump.c */ = {isa = PBXFileReference; lastKnownFileType = sourcecode.c.c; path = valve_dump.c; sourceTree = "<group>"; };
		4F0E1D72220A16FD00DB5ACA /* timekeep.c */ = {isa = PBXFileReference; lastKnownFileType = sourcecode.c.c; path = timekeep.c; sourceTree = SOURCE_ROOT; };
		4F0E1D73220A16FD00DB5ACA /* timekeep.h */ = {isa = PBXFileReference; lastKnownFileType = sourcecode.c.h; path = timekeep.h; sourceTree = SOURCE_ROOT; };
		4F15A85C1EBF74880000507A /* alarms.c */ = {isa = PBXFileReference; fileEncoding = 4; lastKnownFileType = sourcecode.c.c; path = alarms.c; sourceTree = SOURCE_ROOT; };
		4F15A85D1EBF74880000507A /* alarms.h */ = {isa = PBXFileReference; fileEncoding = 4; lastKnownFileType = sourcecode.c.h; path = alarms.h; sourceTree = SOURCE_ROOT; };
		4F263EFE2528A19500733F75 /* Makefile.sub */ = {isa = PBXFileReference; explicitFileType = sourcecode.make; path = Makefile.sub; sourceTree = SOURCE_ROOT; };
		4F299C8A218E1DBE009DCBC2 /* log_rrd.c */ = {isa = PBXFileReference; lastKnownFileType = sourcecode.c.c; name = log_rrd.c; path = log/log_rrd.c; sourceTree = SOURCE_ROOT; };
		4F299C8B218E1DBE009DCBC2 /* log_rrd.h */ = {isa = PBXFileReference; lastKnownFileType = sourcecode.c.h; name = log_rrd.h; path = log/log_rrd.h; sourceTree = SOURCE_ROOT; };
		4F299C8D218E4E2E009DCBC2 /* log_file.c */ = {isa = PBXFileReference; lastKnownFileType = sourcecode.c.c; name = log_file.c; path = log/log_file.c; sourceTree = SOURCE_ROOT; };
		4F299C8E218E4E2E009DCBC2 /* log_file.h */ = {isa = PBXFileReference; lastKnownFileType = sourcecode.c.h; name = log_file.h; path = log/log_file.h; sourceTree = SOURCE_ROOT; };
		4F299C9021AABD2C009DCBC2 /* log.c */ = {isa = PBXFileReference; lastKnownFileType = sourcecode.c.c; name = log.c; path = log/log.c; sourceTree = SOURCE_ROOT; };
		4F299C9121AABD2C009DCBC2 /* log.h */ = {isa = PBXFileReference; lastKnownFileType = sourcecode.c.h; name = log.h; path = log/log.h; sourceTree = SOURCE_ROOT; };
		4F2F7F6A1DDF1DD80095AAEE /* README */ = {isa = PBXFileReference; fileEncoding = 4; lastKnownFileType = text; path = README; sourceTree = SOURCE_ROOT; };
		4F3AFBAD1D8884ED00D86EE7 /* runtime.c */ = {isa = PBXFileReference; fileEncoding = 4; lastKnownFileType = sourcecode.c.c; lineEnding = 0; path = runtime.c; sourceTree = SOURCE_ROOT; xcLanguageSpecificationIdentifier = xcode.lang.c; };
		4F3AFBAE1D8884ED00D86EE7 /* runtime.h */ = {isa = PBXFileReference; fileEncoding = 4; lastKnownFileType = sourcecode.c.h; path = runtime.h; sourceTree = SOURCE_ROOT; };
		4F3AFBB01D88867600D86EE7 /* lib.c */ = {isa = PBXFileReference; fileEncoding = 4; lastKnownFileType = sourcecode.c.c; lineEnding = 0; path = lib.c; sourceTree = SOURCE_ROOT; xcLanguageSpecificationIdentifier = xcode.lang.c; };
		4F3AFBB11D88867600D86EE7 /* lib.h */ = {isa = PBXFileReference; fileEncoding = 4; lastKnownFileType = sourcecode.c.h; lineEnding = 0; path = lib.h; sourceTree = SOURCE_ROOT; xcLanguageSpecificationIdentifier = xcode.lang.objcpp; };
		4F3EC15F2524CE8400ACE8BA /* outputs.h */ = {isa = PBXFileReference; lastKnownFileType = sourcecode.c.h; name = outputs.h; path = io/outputs.h; sourceTree = SOURCE_ROOT; };
		4F3EC1602524CE8500ACE8BA /* outputs.c */ = {isa = PBXFileReference; lastKnownFileType = sourcecode.c.c; name = outputs.c; path = io/outputs.c; sourceTree = SOURCE_ROOT; };
		4F3EC1632524CED300ACE8BA /* relay.h */ = {isa = PBXFileReference; lastKnownFileType = sourcecode.c.h; name = relay.h; path = io/outputs/relay.h; sourceTree = SOURCE_ROOT; };
		4F3EC1642524CED300ACE8BA /* relay.c */ = {isa = PBXFileReference; lastKnownFileType = sourcecode.c.c; name = relay.c; path = io/outputs/relay.c; sourceTree = SOURCE_ROOT; };
		4F3EC1672524E42B00ACE8BA /* relay_parse.h */ = {isa = PBXFileReference; lastKnownFileType = sourcecode.c.h; path = relay_parse.h; sourceTree = "<group>"; };
		4F3EC1682524E42B00ACE8BA /* relay_parse.c */ = {isa = PBXFileReference; lastKnownFileType = sourcecode.c.c; path = relay_parse.c; sourceTree = "<group>"; };
		4F3EC16B2524E5C400ACE8BA /* outputs_parse.h */ = {isa = PBXFileReference; lastKnownFileType = sourcecode.c.h; path = outputs_parse.h; sourceTree = "<group>"; };
		4F3EC16C2524E5C400ACE8BA /* outputs_parse.c */ = {isa = PBXFileReference; lastKnownFileType = sourcecode.c.c; path = outputs_parse.c; sourceTree = "<group>"; };
		4F42A5CE1F967BC3001B0A1F /* pump.c */ = {isa = PBXFileReference; lastKnownFileType = sourcecode.c.c; name = pump.c; path = plant/pump.c; sourceTree = SOURCE_ROOT; };
		4F42A5CF1F967BC3001B0A1F /* pump.h */ = {isa = PBXFileReference; lastKnownFileType = sourcecode.c.h; name = pump.h; path = plant/pump.h; sourceTree = SOURCE_ROOT; };
		4F42A5D11F968069001B0A1F /* valve.c */ = {isa = PBXFileReference; lastKnownFileType = sourcecode.c.c; name = valve.c; path = plant/valve.c; sourceTree = SOURCE_ROOT; };
		4F42A5D21F968069001B0A1F /* valve.h */ = {isa = PBXFileReference; lastKnownFileType = sourcecode.c.h; name = valve.h; path = plant/valve.h; sourceTree = SOURCE_ROOT; };
		4F42A5D41F9683CC001B0A1F /* heatsource.c */ = {isa = PBXFileReference; lastKnownFileType = sourcecode.c.c; name = heatsource.c; path = plant/heatsource.c; sourceTree = SOURCE_ROOT; };
		4F42A5D51F9683CC001B0A1F /* heatsource.h */ = {isa = PBXFileReference; lastKnownFileType = sourcecode.c.h; name = heatsource.h; path = plant/heatsource.h; sourceTree = SOURCE_ROOT; };
		4F42A5D71F9687F3001B0A1F /* hcircuit.c */ = {isa = PBXFileReference; lastKnownFileType = sourcecode.c.c; name = hcircuit.c; path = plant/hcircuit.c; sourceTree = SOURCE_ROOT; };
		4F42A5D81F9687F3001B0A1F /* hcircuit.h */ = {isa = PBXFileReference; lastKnownFileType = sourcecode.c.h; name = hcircuit.h; path = plant/hcircuit.h; sourceTree = SOURCE_ROOT; };
		4F42A5DA1F968AE8001B0A1F /* dhwt.c */ = {isa = PBXFileReference; lastKnownFileType = sourcecode.c.c; name = dhwt.c; path = plant/dhwt.c; sourceTree = SOURCE_ROOT; };
		4F42A5DB1F968AE8001B0A1F /* dhwt.h */ = {isa = PBXFileReference; lastKnownFileType = sourcecode.c.h; name = dhwt.h; path = plant/dhwt.h; sourceTree = SOURCE_ROOT; };
		4F42A5DD1F96AD0A001B0A1F /* boiler.c */ = {isa = PBXFileReference; lastKnownFileType = sourcecode.c.c; name = boiler.c; path = plant/boiler.c; sourceTree = SOURCE_ROOT; };
		4F42A5DE1F96AD0A001B0A1F /* boiler.h */ = {isa = PBXFileReference; lastKnownFileType = sourcecode.c.h; name = boiler.h; path = plant/boiler.h; sourceTree = SOURCE_ROOT; };
		4F42E98A23393156000A268A /* log_statsd.c */ = {isa = PBXFileReference; fileEncoding = 4; lastKnownFileType = sourcecode.c.c; name = log_statsd.c; path = log/log_statsd.c; sourceTree = SOURCE_ROOT; };
		4F42E98B23393156000A268A /* log_statsd.h */ = {isa = PBXFileReference; fileEncoding = 4; lastKnownFileType = sourcecode.c.h; name = log_statsd.h; path = log/log_statsd.h; sourceTree = SOURCE_ROOT; };
		4F43569A23157AE60030EB89 /* hw_lib.h */ = {isa = PBXFileReference; lastKnownFileType = sourcecode.c.h; name = hw_lib.h; path = hw_backends/hw_lib.h; sourceTree = SOURCE_ROOT; };
		4F43569B23157AE60030EB89 /* hw_lib.c */ = {isa = PBXFileReference; lastKnownFileType = sourcecode.c.c; name = hw_lib.c; path = hw_backends/hw_lib.c; sourceTree = SOURCE_ROOT; };
		4F4D5C0E252A3A91003130BC /* Makefile */ = {isa = PBXFileReference; fileEncoding = 4; lastKnownFileType = sourcecode.make; path = Makefile; sourceTree = "<group>"; };
		4F6509FE25261AB90071EC45 /* backend.h */ = {isa = PBXFileReference; lastKnownFileType = sourcecode.c.h; path = backend.h; sourceTree = "<group>"; };
		4F6509FF25261AB90071EC45 /* backend.c */ = {isa = PBXFileReference; lastKnownFileType = sourcecode.c.c; path = backend.c; sourceTree = "<group>"; };
		4F650A07252626580071EC45 /* filecfg.h */ = {isa = PBXFileReference; lastKnownFileType = sourcecode.c.h; path = filecfg.h; sourceTree = "<group>"; };
		4F650A08252626580071EC45 /* filecfg.c */ = {isa = PBXFileReference; lastKnownFileType = sourcecode.c.c; path = filecfg.c; sourceTree = "<group>"; };
		4F94475C21DAA0FF00FCF120 /* filecfg_parser.l */ = {isa = PBXFileReference; lastKnownFileType = sourcecode.lex; name = filecfg_parser.l; path = filecfg/parse/filecfg_parser.l; sourceTree = SOURCE_ROOT; };
		4F94475D21DAA14200FCF120 /* filecfg_parser.y */ = {isa = PBXFileReference; lastKnownFileType = sourcecode.yacc; name = filecfg_parser.y; path = filecfg/parse/filecfg_parser.y; sourceTree = SOURCE_ROOT; };
		4F94475E21EA7BBE00FCF120 /* filecfg_parser.c */ = {isa = PBXFileReference; lastKnownFileType = sourcecode.c.c; name = filecfg_parser.c; path = filecfg/parse/filecfg_parser.c; sourceTree = SOURCE_ROOT; };
		4F94475F21EA7BBE00FCF120 /* filecfg_parser.h */ = {isa = PBXFileReference; lastKnownFileType = sourcecode.c.h; name = filecfg_parser.h; path = filecfg/parse/filecfg_parser.h; sourceTree = SOURCE_ROOT; };
		4F961F9F1D899D5100E2A8AF /* Makefile */ = {isa = PBXFileReference; fileEncoding = 4; lastKnownFileType = sourcecode.make; path = Makefile; sourceTree = SOURCE_ROOT; };
		4F99FD202088D18500DDAB75 /* filecfg_dump.c */ = {isa = PBXFileReference; lastKnownFileType = sourcecode.c.c; name = filecfg_dump.c; path = filecfg/dump/filecfg_dump.c; sourceTree = SOURCE_ROOT; };
		4F99FD212088D18500DDAB75 /* filecfg_dump.h */ = {isa = PBXFileReference; lastKnownFileType = sourcecode.c.h; name = filecfg_dump.h; path = filecfg/dump/filecfg_dump.h; sourceTree = SOURCE_ROOT; };
		4F99FD25208B7F0F00DDAB75 /* hw_p1_backend.c */ = {isa = PBXFileReference; lastKnownFileType = sourcecode.c.c; path = hw_p1_backend.c; sourceTree = "<group>"; };
		4F99FD26208B7F0F00DDAB75 /* hw_p1_backend.h */ = {isa = PBXFileReference; lastKnownFileType = sourcecode.c.h; path = hw_p1_backend.h; sourceTree = "<group>"; };
		4F99FD28208BBE0000DDAB75 /* hw_p1_setup.c */ = {isa = PBXFileReference; lastKnownFileType = sourcecode.c.c; path = hw_p1_setup.c; sourceTree = "<group>"; };
		4F99FD29208BBE0000DDAB75 /* hw_p1_setup.h */ = {isa = PBXFileReference; lastKnownFileType = sourcecode.c.h; path = hw_p1_setup.h; sourceTree = "<group>"; };
		4F99FD2B208BCF3200DDAB75 /* hw_p1_filecfg.c */ = {isa = PBXFileReference; lastKnownFileType = sourcecode.c.c; path = hw_p1_filecfg.c; sourceTree = "<group>"; };
		4F99FD2C208BCF3200DDAB75 /* hw_p1_filecfg.h */ = {isa = PBXFileReference; lastKnownFileType = sourcecode.c.h; path = hw_p1_filecfg.h; sourceTree = "<group>"; };
		4FA61C3C1E06F75100B4D862 /* timer.c */ = {isa = PBXFileReference; fileEncoding = 4; lastKnownFileType = sourcecode.c.c; path = timer.c; sourceTree = SOURCE_ROOT; };
		4FA61C3D1E06F75100B4D862 /* timer.h */ = {isa = PBXFileReference; fileEncoding = 4; lastKnownFileType = sourcecode.c.h; path = timer.h; sourceTree = SOURCE_ROOT; };
		4FA61C3F1E0955AA00B4D862 /* scheduler.c */ = {isa = PBXFileReference; fileEncoding = 4; lastKnownFileType = sourcecode.c.c; path = scheduler.c; sourceTree = SOURCE_ROOT; };
		4FA61C401E0955AA00B4D862 /* scheduler.h */ = {isa = PBXFileReference; fileEncoding = 4; lastKnownFileType = sourcecode.c.h; path = scheduler.h; sourceTree = SOURCE_ROOT; };
		4FA9A541252B48580091D0F5 /* Makefile */ = {isa = PBXFileReference; fileEncoding = 4; lastKnownFileType = sourcecode.make; path = Makefile; sourceTree = "<group>"; };
		4FBFEB7B252889480062B1FB /* inputs_dump.h */ = {isa = PBXFileReference; lastKnownFileType = sourcecode.c.h; path = inputs_dump.h; sourceTree = "<group>"; };
		4FBFEB7C252889480062B1FB /* inputs_dump.c */ = {isa = PBXFileReference; lastKnownFileType = sourcecode.c.c; path = inputs_dump.c; sourceTree = "<group>"; };
		4FBFEB7F252889E40062B1FB /* temperature_dump.h */ = {isa = PBXFileReference; lastKnownFileType = sourcecode.c.h; path = temperature_dump.h; sourceTree = "<group>"; };
		4FBFEB80252889E40062B1FB /* temperature_dump.c */ = {isa = PBXFileReference; lastKnownFileType = sourcecode.c.c; path = temperature_dump.c; sourceTree = "<group>"; };
		4FBFEB8325288C6D0062B1FB /* relay_dump.h */ = {isa = PBXFileReference; lastKnownFileType = sourcecode.c.h; path = relay_dump.h; sourceTree = "<group>"; };
		4FBFEB8425288C6D0062B1FB /* relay_dump.c */ = {isa = PBXFileReference; lastKnownFileType = sourcecode.c.c; path = relay_dump.c; sourceTree = "<group>"; };
		4FBFEB8725288D360062B1FB /* outputs_dump.h */ = {isa = PBXFileReference; lastKnownFileType = sourcecode.c.h; path = outputs_dump.h; sourceTree = "<group>"; };
		4FBFEB8825288D360062B1FB /* outputs_dump.c */ = {isa = PBXFileReference; lastKnownFileType = sourcecode.c.c; path = outputs_dump.c; sourceTree = "<group>"; };
		4FC1132025235AA2009AA17D /* inputs.h */ = {isa = PBXFileReference; lastKnownFileType = sourcecode.c.h; name = inputs.h; path = io/inputs.h; sourceTree = SOURCE_ROOT; };
		4FC1132125235AA2009AA17D /* inputs.c */ = {isa = PBXFileReference; lastKnownFileType = sourcecode.c.c; name = inputs.c; path = io/inputs.c; sourceTree = SOURCE_ROOT; };
		4FC1132425239963009AA17D /* temperature_parse.h */ = {isa = PBXFileReference; lastKnownFileType = sourcecode.c.h; path = temperature_parse.h; sourceTree = "<group>"; };
		4FC1132525239963009AA17D /* temperature_parse.c */ = {isa = PBXFileReference; lastKnownFileType = sourcecode.c.c; path = temperature_parse.c; sourceTree = "<group>"; };
		4FC1132825239B50009AA17D /* inputs_parse.h */ = {isa = PBXFileReference; lastKnownFileType = sourcecode.c.h; path = inputs_parse.h; sourceTree = "<group>"; };
		4FC1132925239B50009AA17D /* inputs_parse.c */ = {isa = PBXFileReference; lastKnownFileType = sourcecode.c.c; path = inputs_parse.c; sourceTree = "<group>"; };
		4FC184791DA6809E000E514B /* storage.c */ = {isa = PBXFileReference; fileEncoding = 4; lastKnownFileType = sourcecode.c.c; path = storage.c; sourceTree = SOURCE_ROOT; };
		4FC1847A1DA6809E000E514B /* storage.h */ = {isa = PBXFileReference; fileEncoding = 4; lastKnownFileType = sourcecode.c.h; path = storage.h; sourceTree = SOURCE_ROOT; };
		4FC1847C1DA7B2F9000E514B /* dbus.c */ = {isa = PBXFileReference; fileEncoding = 4; lastKnownFileType = sourcecode.c.c; path = dbus.c; sourceTree = SOURCE_ROOT; };
		4FC1847D1DA7B2F9000E514B /* dbus.h */ = {isa = PBXFileReference; fileEncoding = 4; lastKnownFileType = sourcecode.c.h; path = dbus.h; sourceTree = SOURCE_ROOT; };
		4FC1847F1DA7B9B8000E514B /* rwchcd_introspection.xml */ = {isa = PBXFileReference; fileEncoding = 4; lastKnownFileType = text.xml; lineEnding = 0; path = rwchcd_introspection.xml; sourceTree = SOURCE_ROOT; xcLanguageSpecificationIdentifier = xcode.lang.xml; };
		4FC184821DA7D19D000E514B /* org.slashdirt.rwchcd.conf */ = {isa = PBXFileReference; fileEncoding = 4; lastKnownFileType = text; path = org.slashdirt.rwchcd.conf; sourceTree = SOURCE_ROOT; };
		4FC184831DA7D19D000E514B /* rwchcd.service */ = {isa = PBXFileReference; fileEncoding = 4; lastKnownFileType = text; path = rwchcd.service; sourceTree = SOURCE_ROOT; };
		4FC304A61EBDCDB900D77AC6 /* models.c */ = {isa = PBXFileReference; fileEncoding = 4; lastKnownFileType = sourcecode.c.c; path = models.c; sourceTree = SOURCE_ROOT; };
		4FC304A71EBDCDB900D77AC6 /* models.h */ = {isa = PBXFileReference; fileEncoding = 4; lastKnownFileType = sourcecode.c.h; path = models.h; sourceTree = SOURCE_ROOT; };
		4FC6894F206FAB4D00A3A065 /* hardware.c */ = {isa = PBXFileReference; lastKnownFileType = sourcecode.c.c; name = hardware.c; path = io/hardware.c; sourceTree = SOURCE_ROOT; };
		4FC68950206FAB4D00A3A065 /* hardware.h */ = {isa = PBXFileReference; lastKnownFileType = sourcecode.c.h; name = hardware.h; path = io/hardware.h; sourceTree = SOURCE_ROOT; };
		4FC689522071304900A3A065 /* hw_backends.c */ = {isa = PBXFileReference; lastKnownFileType = sourcecode.c.c; name = hw_backends.c; path = hw_backends/hw_backends.c; sourceTree = SOURCE_ROOT; };
		4FC689532071304900A3A065 /* hw_backends.h */ = {isa = PBXFileReference; lastKnownFileType = sourcecode.c.h; name = hw_backends.h; path = hw_backends/hw_backends.h; sourceTree = SOURCE_ROOT; };
		4FC6895D207176F800A3A065 /* hw_p1.c */ = {isa = PBXFileReference; fileEncoding = 4; lastKnownFileType = sourcecode.c.c; path = hw_p1.c; sourceTree = "<group>"; };
		4FC6895E207176F800A3A065 /* hw_p1.h */ = {isa = PBXFileReference; fileEncoding = 4; lastKnownFileType = sourcecode.c.h; path = hw_p1.h; sourceTree = "<group>"; };
		4FC6895F207176F800A3A065 /* hw_p1_lcd.c */ = {isa = PBXFileReference; fileEncoding = 4; lastKnownFileType = sourcecode.c.c; path = hw_p1_lcd.c; sourceTree = "<group>"; };
		4FC68960207176F800A3A065 /* hw_p1_lcd.h */ = {isa = PBXFileReference; fileEncoding = 4; lastKnownFileType = sourcecode.c.h; path = hw_p1_lcd.h; sourceTree = "<group>"; };
		4FC68961207176F800A3A065 /* hw_p1_spi.c */ = {isa = PBXFileReference; fileEncoding = 4; lastKnownFileType = sourcecode.c.c; path = hw_p1_spi.c; sourceTree = "<group>"; };
		4FC68962207176F800A3A065 /* hw_p1_spi.h */ = {isa = PBXFileReference; fileEncoding = 4; lastKnownFileType = sourcecode.c.h; path = hw_p1_spi.h; sourceTree = "<group>"; };
		4FCD55051D835CF6003BB848 /* daemon */ = {isa = PBXFileReference; explicitFileType = "compiled.mach-o.executable"; includeInIndex = 0; path = daemon; sourceTree = BUILT_PRODUCTS_DIR; };
		4FCD550D1D835D04003BB848 /* rwchc_export.h */ = {isa = PBXFileReference; fileEncoding = 4; lastKnownFileType = sourcecode.c.h; lineEnding = 0; name = rwchc_export.h; path = hw_backends/hw_p1/rwchc_export.h; sourceTree = SOURCE_ROOT; xcLanguageSpecificationIdentifier = xcode.lang.objcpp; };
		4FCD55101D835D04003BB848 /* plant.c */ = {isa = PBXFileReference; fileEncoding = 4; lastKnownFileType = sourcecode.c.c; lineEnding = 0; name = plant.c; path = plant/plant.c; sourceTree = SOURCE_ROOT; xcLanguageSpecificationIdentifier = xcode.lang.c; };
		4FCD55111D835D04003BB848 /* plant.h */ = {isa = PBXFileReference; fileEncoding = 4; lastKnownFileType = sourcecode.c.h; lineEnding = 0; name = plant.h; path = plant/plant.h; sourceTree = SOURCE_ROOT; xcLanguageSpecificationIdentifier = xcode.lang.objcpp; };
		4FCD55141D835D04003BB848 /* rwchcd.c */ = {isa = PBXFileReference; fileEncoding = 4; lastKnownFileType = sourcecode.c.c; lineEnding = 0; path = rwchcd.c; sourceTree = SOURCE_ROOT; xcLanguageSpecificationIdentifier = xcode.lang.c; };
		4FCD55151D835D04003BB848 /* rwchcd.h */ = {isa = PBXFileReference; fileEncoding = 4; lastKnownFileType = sourcecode.c.h; lineEnding = 0; path = rwchcd.h; sourceTree = SOURCE_ROOT; xcLanguageSpecificationIdentifier = xcode.lang.objcpp; };
		4FE70C3224864A4E0066007D /* models_dump.h */ = {isa = PBXFileReference; lastKnownFileType = sourcecode.c.h; path = models_dump.h; sourceTree = "<group>"; };
		4FE70C3324864A4E0066007D /* models_dump.c */ = {isa = PBXFileReference; lastKnownFileType = sourcecode.c.c; path = models_dump.c; sourceTree = "<group>"; };
		4FE70C3524864BDF0066007D /* scheduler_dump.h */ = {isa = PBXFileReference; lastKnownFileType = sourcecode.c.h; path = scheduler_dump.h; sourceTree = "<group>"; };
		4FE70C3624864BDF0066007D /* scheduler_dump.c */ = {isa = PBXFileReference; lastKnownFileType = sourcecode.c.c; path = scheduler_dump.c; sourceTree = "<group>"; };
		4FE70C38248651360066007D /* storage_dump.h */ = {isa = PBXFileReference; lastKnownFileType = sourcecode.c.h; path = storage_dump.h; sourceTree = "<group>"; };
		4FE70C39248651360066007D /* storage_dump.c */ = {isa = PBXFileReference; lastKnownFileType = sourcecode.c.c; path = storage_dump.c; sourceTree = "<group>"; };
		4FE70C3B248658540066007D /* boiler_dump.h */ = {isa = PBXFileReference; lastKnownFileType = sourcecode.c.h; path = boiler_dump.h; sourceTree = "<group>"; };
		4FE70C3C248658540066007D /* boiler_dump.c */ = {isa = PBXFileReference; lastKnownFileType = sourcecode.c.c; path = boiler_dump.c; sourceTree = "<group>"; };
		4FE70C3E2486585E0066007D /* boiler_parse.h */ = {isa = PBXFileReference; lastKnownFileType = sourcecode.c.h; path = boiler_parse.h; sourceTree = "<group>"; };
		4FE70C3F2486585E0066007D /* boiler_parse.c */ = {isa = PBXFileReference; lastKnownFileType = sourcecode.c.c; path = boiler_parse.c; sourceTree = "<group>"; };
		4FE70C41248659E90066007D /* heatsource_dump.h */ = {isa = PBXFileReference; lastKnownFileType = sourcecode.c.h; path = heatsource_dump.h; sourceTree = "<group>"; };
		4FE70C42248659E90066007D /* heatsource_dump.c */ = {isa = PBXFileReference; lastKnownFileType = sourcecode.c.c; path = heatsource_dump.c; sourceTree = "<group>"; };
		4FE70C44248659F40066007D /* heatsource_parse.h */ = {isa = PBXFileReference; lastKnownFileType = sourcecode.c.h; path = heatsource_parse.h; sourceTree = "<group>"; };
		4FE70C45248659F40066007D /* heatsource_parse.c */ = {isa = PBXFileReference; lastKnownFileType = sourcecode.c.c; path = heatsource_parse.c; sourceTree = "<group>"; };
		4FE70C4724865E330066007D /* dhwt_dump.h */ = {isa = PBXFileReference; lastKnownFileType = sourcecode.c.h; path = dhwt_dump.h; sourceTree = "<group>"; };
		4FE70C4824865E330066007D /* dhwt_dump.c */ = {isa = PBXFileReference; lastKnownFileType = sourcecode.c.c; path = dhwt_dump.c; sourceTree = "<group>"; };
		4FE70C4A24865E3B0066007D /* dhwt_parse.h */ = {isa = PBXFileReference; lastKnownFileType = sourcecode.c.h; path = dhwt_parse.h; sourceTree = "<group>"; };
		4FE70C4B24865E3B0066007D /* dhwt_parse.c */ = {isa = PBXFileReference; lastKnownFileType = sourcecode.c.c; path = dhwt_parse.c; sourceTree = "<group>"; };
		4FE70C4D248663AA0066007D /* hcircuit_dump.h */ = {isa = PBXFileReference; lastKnownFileType = sourcecode.c.h; path = hcircuit_dump.h; sourceTree = "<group>"; };
		4FE70C4E248663AA0066007D /* hcircuit_dump.c */ = {isa = PBXFileReference; lastKnownFileType = sourcecode.c.c; path = hcircuit_dump.c; sourceTree = "<group>"; };
		4FE70C50248663B30066007D /* hcircuit_parse.h */ = {isa = PBXFileReference; lastKnownFileType = sourcecode.c.h; path = hcircuit_parse.h; sourceTree = "<group>"; };
		4FE70C51248663B30066007D /* hcircuit_parse.c */ = {isa = PBXFileReference; lastKnownFileType = sourcecode.c.c; path = hcircuit_parse.c; sourceTree = "<group>"; };
		4FE70C532486A0020066007D /* log_dump.h */ = {isa = PBXFileReference; lastKnownFileType = sourcecode.c.h; path = log_dump.h; sourceTree = "<group>"; };
		4FE70C542486A0020066007D /* log_dump.c */ = {isa = PBXFileReference; lastKnownFileType = sourcecode.c.c; path = log_dump.c; sourceTree = "<group>"; };
		4FE70C562486AA810066007D /* plant_dump.h */ = {isa = PBXFileReference; lastKnownFileType = sourcecode.c.h; path = plant_dump.h; sourceTree = "<group>"; };
		4FE70C572486AA810066007D /* plant_dump.c */ = {isa = PBXFileReference; lastKnownFileType = sourcecode.c.c; path = plant_dump.c; sourceTree = "<group>"; };
		4FE70C592486AA8E0066007D /* plant_parse.h */ = {isa = PBXFileReference; lastKnownFileType = sourcecode.c.h; path = plant_parse.h; sourceTree = "<group>"; };
		4FE70C5A2486AA8E0066007D /* plant_parse.c */ = {isa = PBXFileReference; lastKnownFileType = sourcecode.c.c; path = plant_parse.c; sourceTree = "<group>"; };
		4FE70C5C2486BBC90066007D /* backends_dump.h */ = {isa = PBXFileReference; lastKnownFileType = sourcecode.c.h; path = backends_dump.h; sourceTree = "<group>"; };
		4FE70C5D2486BBC90066007D /* backends_dump.c */ = {isa = PBXFileReference; lastKnownFileType = sourcecode.c.c; path = backends_dump.c; sourceTree = "<group>"; };
		4FE70C5F2486BBD50066007D /* backends_parse.h */ = {isa = PBXFileReference; lastKnownFileType = sourcecode.c.h; path = backends_parse.h; sourceTree = "<group>"; };
		4FE70C602486BBD50066007D /* backends_parse.c */ = {isa = PBXFileReference; lastKnownFileType = sourcecode.c.c; path = backends_parse.c; sourceTree = "<group>"; };
/* End PBXFileReference section */

/* Begin PBXFrameworksBuildPhase section */
		4FCD55021D835CF6003BB848 /* Frameworks */ = {
			isa = PBXFrameworksBuildPhase;
			buildActionMask = 2147483647;
			files = (
			);
			runOnlyForDeploymentPostprocessing = 0;
		};
/* End PBXFrameworksBuildPhase section */

/* Begin PBXGroup section */
		4F08256124859BBE0068FC22 /* filecfg */ = {
			isa = PBXGroup;
			children = (
				4F4D5C01252A2DF2003130BC /* parse */,
				4F4D5C00252A2DC0003130BC /* dump */,
			);
			path = filecfg;
			sourceTree = SOURCE_ROOT;
		};
		4F4D5C00252A2DC0003130BC /* dump */ = {
			isa = PBXGroup;
			children = (
				4F99FD202088D18500DDAB75 /* filecfg_dump.c */,
				4F99FD212088D18500DDAB75 /* filecfg_dump.h */,
				4FE70C5C2486BBC90066007D /* backends_dump.h */,
				4FE70C5D2486BBC90066007D /* backends_dump.c */,
				4F08256224859E110068FC22 /* pump_dump.h */,
				4F08256324859E110068FC22 /* pump_dump.c */,
				4F08256524859F9D0068FC22 /* valve_dump.h */,
				4F08256624859F9D0068FC22 /* valve_dump.c */,
				4FE70C3B248658540066007D /* boiler_dump.h */,
				4FE70C3C248658540066007D /* boiler_dump.c */,
				4FE70C41248659E90066007D /* heatsource_dump.h */,
				4FE70C42248659E90066007D /* heatsource_dump.c */,
				4FE70C4724865E330066007D /* dhwt_dump.h */,
				4FE70C4824865E330066007D /* dhwt_dump.c */,
				4FE70C4D248663AA0066007D /* hcircuit_dump.h */,
				4FE70C4E248663AA0066007D /* hcircuit_dump.c */,
				4FE70C562486AA810066007D /* plant_dump.h */,
				4FE70C572486AA810066007D /* plant_dump.c */,
				4FE70C3224864A4E0066007D /* models_dump.h */,
				4FE70C3324864A4E0066007D /* models_dump.c */,
				4FE70C3524864BDF0066007D /* scheduler_dump.h */,
				4FE70C3624864BDF0066007D /* scheduler_dump.c */,
				4FE70C38248651360066007D /* storage_dump.h */,
				4FE70C39248651360066007D /* storage_dump.c */,
				4FE70C532486A0020066007D /* log_dump.h */,
				4FE70C542486A0020066007D /* log_dump.c */,
				4FBFEB7F252889E40062B1FB /* temperature_dump.h */,
				4FBFEB80252889E40062B1FB /* temperature_dump.c */,
				4FBFEB7B252889480062B1FB /* inputs_dump.h */,
				4FBFEB7C252889480062B1FB /* inputs_dump.c */,
				4FBFEB8325288C6D0062B1FB /* relay_dump.h */,
				4FBFEB8425288C6D0062B1FB /* relay_dump.c */,
				4FBFEB8725288D360062B1FB /* outputs_dump.h */,
				4FBFEB8825288D360062B1FB /* outputs_dump.c */,
			);
			path = dump;
			sourceTree = "<group>";
		};
		4F4D5C01252A2DF2003130BC /* parse */ = {
			isa = PBXGroup;
			children = (
				4FA9A541252B48580091D0F5 /* Makefile */,
				4F94475E21EA7BBE00FCF120 /* filecfg_parser.c */,
				4F94475F21EA7BBE00FCF120 /* filecfg_parser.h */,
				4F94475C21DAA0FF00FCF120 /* filecfg_parser.l */,
				4F94475D21DAA14200FCF120 /* filecfg_parser.y */,
				4FE70C5F2486BBD50066007D /* backends_parse.h */,
				4FE70C602486BBD50066007D /* backends_parse.c */,
				4F082559248589B40068FC22 /* pump_parse.h */,
				4F08255A248589B40068FC22 /* pump_parse.c */,
				4F08255C248597620068FC22 /* valve_parse.h */,
				4F08255D248597620068FC22 /* valve_parse.c */,
				4FE70C3E2486585E0066007D /* boiler_parse.h */,
				4FE70C3F2486585E0066007D /* boiler_parse.c */,
				4FE70C44248659F40066007D /* heatsource_parse.h */,
				4FE70C45248659F40066007D /* heatsource_parse.c */,
				4FE70C4A24865E3B0066007D /* dhwt_parse.h */,
				4FE70C4B24865E3B0066007D /* dhwt_parse.c */,
				4FE70C50248663B30066007D /* hcircuit_parse.h */,
				4FE70C51248663B30066007D /* hcircuit_parse.c */,
				4FE70C592486AA8E0066007D /* plant_parse.h */,
				4FE70C5A2486AA8E0066007D /* plant_parse.c */,
				4F0825502484383B0068FC22 /* models_parse.h */,
				4F0825512484383B0068FC22 /* models_parse.c */,
				4F08254D248429910068FC22 /* scheduler_parse.h */,
				4F08254E248429910068FC22 /* scheduler_parse.c */,
				4F08255324844AF20068FC22 /* storage_parse.h */,
				4F08255424844AF20068FC22 /* storage_parse.c */,
				4F08255624844CD40068FC22 /* log_parse.h */,
				4F08255724844CD40068FC22 /* log_parse.c */,
				4FC1132425239963009AA17D /* temperature_parse.h */,
				4FC1132525239963009AA17D /* temperature_parse.c */,
				4FC1132825239B50009AA17D /* inputs_parse.h */,
				4FC1132925239B50009AA17D /* inputs_parse.c */,
				4F3EC1672524E42B00ACE8BA /* relay_parse.h */,
				4F3EC1682524E42B00ACE8BA /* relay_parse.c */,
				4F3EC16B2524E5C400ACE8BA /* outputs_parse.h */,
				4F3EC16C2524E5C400ACE8BA /* outputs_parse.c */,
			);
			path = parse;
			sourceTree = "<group>";
		};
		4F4D5C09252A31D5003130BC /* plant */ = {
			isa = PBXGroup;
			children = (
				4FCD55101D835D04003BB848 /* plant.c */,
				4FCD55111D835D04003BB848 /* plant.h */,
				4F42A5CE1F967BC3001B0A1F /* pump.c */,
				4F42A5CF1F967BC3001B0A1F /* pump.h */,
				4F42A5D11F968069001B0A1F /* valve.c */,
				4F42A5D21F968069001B0A1F /* valve.h */,
				4F42A5D41F9683CC001B0A1F /* heatsource.c */,
				4F42A5D51F9683CC001B0A1F /* heatsource.h */,
				4F42A5DD1F96AD0A001B0A1F /* boiler.c */,
				4F42A5DE1F96AD0A001B0A1F /* boiler.h */,
				4F42A5DA1F968AE8001B0A1F /* dhwt.c */,
				4F42A5DB1F968AE8001B0A1F /* dhwt.h */,
				4F42A5D71F9687F3001B0A1F /* hcircuit.c */,
				4F42A5D81F9687F3001B0A1F /* hcircuit.h */,
			);
			path = plant;
			sourceTree = SOURCE_ROOT;
		};
		4F4D5C0A252A345B003130BC /* io */ = {
			isa = PBXGroup;
			children = (
				4FC6894F206FAB4D00A3A065 /* hardware.c */,
				4FC68950206FAB4D00A3A065 /* hardware.h */,
				4FC1132025235AA2009AA17D /* inputs.h */,
				4FC1132125235AA2009AA17D /* inputs.c */,
				4F3EC15F2524CE8400ACE8BA /* outputs.h */,
				4F3EC1602524CE8500ACE8BA /* outputs.c */,
				4F4D5C0C252A345B003130BC /* inputs */,
				4F4D5C0B252A345B003130BC /* outputs */,
			);
			path = io;
			sourceTree = SOURCE_ROOT;
		};
		4F4D5C0B252A345B003130BC /* outputs */ = {
			isa = PBXGroup;
			children = (
				4F3EC1632524CED300ACE8BA /* relay.h */,
				4F3EC1642524CED300ACE8BA /* relay.c */,
			);
			path = outputs;
			sourceTree = "<group>";
		};
		4F4D5C0C252A345B003130BC /* inputs */ = {
			isa = PBXGroup;
			children = (
				4F01C2AB25220A74008AA53D /* temperature.h */,
				4F01C2AC25220A74008AA53D /* temperature.c */,
			);
			path = inputs;
			sourceTree = "<group>";
		};
		4F4D5C0D252A38FF003130BC /* log */ = {
			isa = PBXGroup;
			children = (
				4F4D5C0E252A3A91003130BC /* Makefile */,
				4F299C9021AABD2C009DCBC2 /* log.c */,
				4F299C9121AABD2C009DCBC2 /* log.h */,
				4F299C8D218E4E2E009DCBC2 /* log_file.c */,
				4F299C8E218E4E2E009DCBC2 /* log_file.h */,
				4F299C8A218E1DBE009DCBC2 /* log_rrd.c */,
				4F299C8B218E1DBE009DCBC2 /* log_rrd.h */,
				4F42E98A23393156000A268A /* log_statsd.c */,
				4F42E98B23393156000A268A /* log_statsd.h */,
			);
			path = log;
			sourceTree = SOURCE_ROOT;
		};
		4F6509FC25261A650071EC45 /* dummy */ = {
			isa = PBXGroup;
			children = (
				4F6509FE25261AB90071EC45 /* backend.h */,
				4F6509FF25261AB90071EC45 /* backend.c */,
				4F650A07252626580071EC45 /* filecfg.h */,
				4F650A08252626580071EC45 /* filecfg.c */,
			);
			path = dummy;
			sourceTree = "<group>";
		};
		4F99FD24208B7E5800DDAB75 /* hw_p1 */ = {
			isa = PBXGroup;
			children = (
				4FCD550D1D835D04003BB848 /* rwchc_export.h */,
				4FC6895D207176F800A3A065 /* hw_p1.c */,
				4FC6895E207176F800A3A065 /* hw_p1.h */,
				4FC6895F207176F800A3A065 /* hw_p1_lcd.c */,
				4FC68960207176F800A3A065 /* hw_p1_lcd.h */,
				4FC68961207176F800A3A065 /* hw_p1_spi.c */,
				4FC68962207176F800A3A065 /* hw_p1_spi.h */,
				4F99FD25208B7F0F00DDAB75 /* hw_p1_backend.c */,
				4F99FD26208B7F0F00DDAB75 /* hw_p1_backend.h */,
				4F99FD28208BBE0000DDAB75 /* hw_p1_setup.c */,
				4F99FD29208BBE0000DDAB75 /* hw_p1_setup.h */,
				4F99FD2B208BCF3200DDAB75 /* hw_p1_filecfg.c */,
				4F99FD2C208BCF3200DDAB75 /* hw_p1_filecfg.h */,
			);
			path = hw_p1;
			sourceTree = "<group>";
		};
		4FC6895C207176F800A3A065 /* hw_backends */ = {
			isa = PBXGroup;
			children = (
				4FC689522071304900A3A065 /* hw_backends.c */,
				4FC689532071304900A3A065 /* hw_backends.h */,
				4F43569B23157AE60030EB89 /* hw_lib.c */,
				4F43569A23157AE60030EB89 /* hw_lib.h */,
				4F6509FC25261A650071EC45 /* dummy */,
				4F99FD24208B7E5800DDAB75 /* hw_p1 */,
			);
			path = hw_backends;
			sourceTree = SOURCE_ROOT;
		};
		4FCD54EC1D835C0B003BB848 = {
			isa = PBXGroup;
			children = (
				4FCD55071D835CF6003BB848 /* daemon */,
				4FCD55061D835CF6003BB848 /* Products */,
			);
			sourceTree = "<group>";
		};
		4FCD55061D835CF6003BB848 /* Products */ = {
			isa = PBXGroup;
			children = (
				4FCD55051D835CF6003BB848 /* daemon */,
			);
			name = Products;
			sourceTree = "<group>";
		};
		4FCD55071D835CF6003BB848 /* daemon */ = {
			isa = PBXGroup;
			children = (
				4F2F7F6A1DDF1DD80095AAEE /* README */,
				4F961F9F1D899D5100E2A8AF /* Makefile */,
				4F263EFE2528A19500733F75 /* Makefile.sub */,
				4FC6895C207176F800A3A065 /* hw_backends */,
				4F4D5C0A252A345B003130BC /* io */,
				4F4D5C09252A31D5003130BC /* plant */,
				4FC304A61EBDCDB900D77AC6 /* models.c */,
				4FC304A71EBDCDB900D77AC6 /* models.h */,
				4F3AFBB01D88867600D86EE7 /* lib.c */,
				4F3AFBB11D88867600D86EE7 /* lib.h */,
				4F15A85C1EBF74880000507A /* alarms.c */,
				4F15A85D1EBF74880000507A /* alarms.h */,
				4F3AFBAD1D8884ED00D86EE7 /* runtime.c */,
				4F3AFBAE1D8884ED00D86EE7 /* runtime.h */,
				4FC184791DA6809E000E514B /* storage.c */,
				4FC1847A1DA6809E000E514B /* storage.h */,
				4F4D5C0D252A38FF003130BC /* log */,
				4FC1847C1DA7B2F9000E514B /* dbus.c */,
				4FC1847D1DA7B2F9000E514B /* dbus.h */,
				4FA61C3C1E06F75100B4D862 /* timer.c */,
				4FA61C3D1E06F75100B4D862 /* timer.h */,
				4FA61C3F1E0955AA00B4D862 /* scheduler.c */,
				4FA61C401E0955AA00B4D862 /* scheduler.h */,
				4F0E1D72220A16FD00DB5ACA /* timekeep.c */,
				4F0E1D73220A16FD00DB5ACA /* timekeep.h */,
				4FCD55141D835D04003BB848 /* rwchcd.c */,
				4FCD55151D835D04003BB848 /* rwchcd.h */,
				4F08256124859BBE0068FC22 /* filecfg */,
				4FC1847F1DA7B9B8000E514B /* rwchcd_introspection.xml */,
				4FC184821DA7D19D000E514B /* org.slashdirt.rwchcd.conf */,
				4FC184831DA7D19D000E514B /* rwchcd.service */,
			);
			path = daemon;
			sourceTree = "<group>";
		};
/* End PBXGroup section */

/* Begin PBXLegacyTarget section */
		4FCD54F11D835C0B003BB848 /* rwchcd */ = {
			isa = PBXLegacyTarget;
			buildArgumentsString = "$(ACTION)";
			buildConfigurationList = 4FCD54F41D835C0B003BB848 /* Build configuration list for PBXLegacyTarget "rwchcd" */;
			buildPhases = (
			);
			buildToolPath = /usr/bin/make;
			buildWorkingDirectory = "";
			dependencies = (
			);
			name = rwchcd;
			passBuildSettingsInEnvironment = 1;
			productName = rwchcd;
		};
/* End PBXLegacyTarget section */

/* Begin PBXNativeTarget section */
		4FCD55041D835CF6003BB848 /* daemon */ = {
			isa = PBXNativeTarget;
			buildConfigurationList = 4FCD550A1D835CF6003BB848 /* Build configuration list for PBXNativeTarget "daemon" */;
			buildPhases = (
				4FCD55011D835CF6003BB848 /* Sources */,
				4FCD55021D835CF6003BB848 /* Frameworks */,
				4FCD55031D835CF6003BB848 /* CopyFiles */,
			);
			buildRules = (
			);
			dependencies = (
			);
			name = daemon;
			productName = daemon;
			productReference = 4FCD55051D835CF6003BB848 /* daemon */;
			productType = "com.apple.product-type.tool";
		};
/* End PBXNativeTarget section */

/* Begin PBXProject section */
		4FCD54ED1D835C0B003BB848 /* Project object */ = {
			isa = PBXProject;
			attributes = {
				LastUpgradeCheck = 1020;
				ORGANIZATIONNAME = Slashdirt;
				TargetAttributes = {
					4FCD54F11D835C0B003BB848 = {
						CreatedOnToolsVersion = 7.2;
					};
					4FCD55041D835CF6003BB848 = {
						CreatedOnToolsVersion = 7.2;
					};
				};
			};
			buildConfigurationList = 4FCD54F01D835C0B003BB848 /* Build configuration list for PBXProject "rwchcd" */;
			compatibilityVersion = "Xcode 3.2";
			developmentRegion = en;
			hasScannedForEncodings = 0;
			knownRegions = (
				en,
			);
			mainGroup = 4FCD54EC1D835C0B003BB848;
			productRefGroup = 4FCD55061D835CF6003BB848 /* Products */;
			projectDirPath = "";
			projectRoot = "";
			targets = (
				4FCD54F11D835C0B003BB848 /* rwchcd */,
				4FCD55041D835CF6003BB848 /* daemon */,
			);
		};
/* End PBXProject section */

/* Begin PBXSourcesBuildPhase section */
		4FCD55011D835CF6003BB848 /* Sources */ = {
			isa = PBXSourcesBuildPhase;
			buildActionMask = 2147483647;
			files = (
				4FBFEB8525288C6D0062B1FB /* relay_dump.c in Sources */,
				4FBFEB7D252889480062B1FB /* inputs_dump.c in Sources */,
				4FC1132225235AA2009AA17D /* inputs.c in Sources */,
				4FE70C46248659F40066007D /* heatsource_parse.c in Sources */,
				4FC689632071773800A3A065 /* hw_p1.c in Sources */,
				4FE70C43248659E90066007D /* heatsource_dump.c in Sources */,
				4FA9A542252B48580091D0F5 /* Makefile in Sources */,
				4F299C8F218E4E2E009DCBC2 /* log_file.c in Sources */,
				4FBFEB81252889E40062B1FB /* temperature_dump.c in Sources */,
				4F99FD27208B7F0F00DDAB75 /* hw_p1_backend.c in Sources */,
				4F08255824844CD40068FC22 /* log_parse.c in Sources */,
				4FC1847B1DA6809E000E514B /* storage.c in Sources */,
				4F0E1D74220A16FD00DB5ACA /* timekeep.c in Sources */,
				4F42A5D61F9683CC001B0A1F /* heatsource.c in Sources */,
				4FE70C552486A0020066007D /* log_dump.c in Sources */,
				4F42A5D31F968069001B0A1F /* valve.c in Sources */,
				4F08256724859F9D0068FC22 /* valve_dump.c in Sources */,
				4FA61C3E1E06F75100B4D862 /* timer.c in Sources */,
				4F08255B248589B40068FC22 /* pump_parse.c in Sources */,
				4FA9A53F252B47220091D0F5 /* filecfg_parser.l in Sources */,
				4FE70C612486BBD50066007D /* backends_parse.c in Sources */,
				4F08256424859E110068FC22 /* pump_dump.c in Sources */,
				4F3EC1692524E42B00ACE8BA /* relay_parse.c in Sources */,
				4FE70C3424864A4E0066007D /* models_dump.c in Sources */,
				4F4D5C0F252A3A91003130BC /* Makefile in Sources */,
				4FE70C4924865E330066007D /* dhwt_dump.c in Sources */,
				4F94476021EA7BBE00FCF120 /* filecfg_parser.c in Sources */,
				4FE70C52248663B30066007D /* hcircuit_parse.c in Sources */,
				4FE70C5E2486BBC90066007D /* backends_dump.c in Sources */,
				4FA9A53E252B47220091D0F5 /* filecfg_parser.y in Sources */,
				4FE70C3D248658540066007D /* boiler_dump.c in Sources */,
				4F650A0025261AB90071EC45 /* backend.c in Sources */,
				4F869E99233A5EF300541A07 /* log_statsd.c in Sources */,
				4FC1132A25239B50009AA17D /* inputs_parse.c in Sources */,
				4FE70C4C24865E3B0066007D /* dhwt_parse.c in Sources */,
				4F3AFBB21D88867600D86EE7 /* lib.c in Sources */,
				4FE70C402486585E0066007D /* boiler_parse.c in Sources */,
				4FE70C582486AA810066007D /* plant_dump.c in Sources */,
				4F299C8C218E1DBE009DCBC2 /* log_rrd.c in Sources */,
				4FA61C411E0955AA00B4D862 /* scheduler.c in Sources */,
				4FCD55171D835D04003BB848 /* plant.c in Sources */,
				4FC1132625239963009AA17D /* temperature_parse.c in Sources */,
				4F43569C23157AE60030EB89 /* hw_lib.c in Sources */,
				4FE70C3A248651360066007D /* storage_dump.c in Sources */,
				4F299C9221AABD2C009DCBC2 /* log.c in Sources */,
				4F42A5DC1F968AE8001B0A1F /* dhwt.c in Sources */,
				4F08255524844AF20068FC22 /* storage_parse.c in Sources */,
				4FC68951206FAB4D00A3A065 /* hardware.c in Sources */,
				4F42A5D91F9687F3001B0A1F /* hcircuit.c in Sources */,
				4F0825522484383B0068FC22 /* models_parse.c in Sources */,
				4F15A85E1EBF74880000507A /* alarms.c in Sources */,
				4FC689642071773C00A3A065 /* hw_p1_lcd.c in Sources */,
				4F99FD2D208BCF3200DDAB75 /* hw_p1_filecfg.c in Sources */,
				4F42A5D01F967BC3001B0A1F /* pump.c in Sources */,
				4F01C2AD25220A74008AA53D /* temperature.c in Sources */,
				4FE70C4F248663AA0066007D /* hcircuit_dump.c in Sources */,
				4FC689652071773F00A3A065 /* hw_p1_spi.c in Sources */,
				4FCD55191D835D04003BB848 /* rwchcd.c in Sources */,
				4F3EC1612524CE8500ACE8BA /* outputs.c in Sources */,
				4FC689542071304900A3A065 /* hw_backends.c in Sources */,
				4F3EC1652524CED300ACE8BA /* relay.c in Sources */,
				4F99FD222088D18500DDAB75 /* filecfg_dump.c in Sources */,
				4F42A5DF1F96AD0A001B0A1F /* boiler.c in Sources */,
				4FE70C3724864BDF0066007D /* scheduler_dump.c in Sources */,
				4FC304A81EBDCDB900D77AC6 /* models.c in Sources */,
				4F08254F248429910068FC22 /* scheduler_parse.c in Sources */,
				4F3AFBAF1D8884ED00D86EE7 /* runtime.c in Sources */,
				4F99FD2A208BBE0000DDAB75 /* hw_p1_setup.c in Sources */,
				4FE70C5B2486AA8E0066007D /* plant_parse.c in Sources */,
				4FBFEB8925288D360062B1FB /* outputs_dump.c in Sources */,
				4F08255E248597620068FC22 /* valve_parse.c in Sources */,
				4F3EC16D2524E5C400ACE8BA /* outputs_parse.c in Sources */,
				4F650A09252626580071EC45 /* filecfg.c in Sources */,
				4FC1847E1DA7B2F9000E514B /* dbus.c in Sources */,
			);
			runOnlyForDeploymentPostprocessing = 0;
		};
/* End PBXSourcesBuildPhase section */

/* Begin XCBuildConfiguration section */
		4FCD54F21D835C0B003BB848 /* Debug */ = {
			isa = XCBuildConfiguration;
			buildSettings = {
				ALWAYS_SEARCH_USER_PATHS = NO;
				CLANG_CXX_LANGUAGE_STANDARD = "gnu++0x";
				CLANG_CXX_LIBRARY = "libc++";
				CLANG_ENABLE_MODULES = YES;
				CLANG_ENABLE_OBJC_ARC = YES;
				CLANG_WARN_BLOCK_CAPTURE_AUTORELEASING = YES;
				CLANG_WARN_BOOL_CONVERSION = YES;
				CLANG_WARN_COMMA = YES;
				CLANG_WARN_CONSTANT_CONVERSION = YES;
				CLANG_WARN_DEPRECATED_OBJC_IMPLEMENTATIONS = YES;
				CLANG_WARN_DIRECT_OBJC_ISA_USAGE = YES_ERROR;
				CLANG_WARN_EMPTY_BODY = YES;
				CLANG_WARN_ENUM_CONVERSION = YES;
				CLANG_WARN_INFINITE_RECURSION = YES;
				CLANG_WARN_INT_CONVERSION = YES;
				CLANG_WARN_NON_LITERAL_NULL_CONVERSION = YES;
				CLANG_WARN_OBJC_IMPLICIT_RETAIN_SELF = YES;
				CLANG_WARN_OBJC_LITERAL_CONVERSION = YES;
				CLANG_WARN_OBJC_ROOT_CLASS = YES_ERROR;
				CLANG_WARN_RANGE_LOOP_ANALYSIS = YES;
				CLANG_WARN_STRICT_PROTOTYPES = YES;
				CLANG_WARN_SUSPICIOUS_MOVE = YES;
				CLANG_WARN_UNREACHABLE_CODE = YES;
				CLANG_WARN__DUPLICATE_METHOD_MATCH = YES;
				COPY_PHASE_STRIP = NO;
				DEBUG_INFORMATION_FORMAT = dwarf;
				ENABLE_STRICT_OBJC_MSGSEND = YES;
				ENABLE_TESTABILITY = YES;
				GCC_C_LANGUAGE_STANDARD = gnu99;
				GCC_DYNAMIC_NO_PIC = NO;
				GCC_NO_COMMON_BLOCKS = YES;
				GCC_OPTIMIZATION_LEVEL = 0;
				GCC_PREPROCESSOR_DEFINITIONS = (
					"DEBUG=1",
					"$(inherited)",
				);
				GCC_WARN_64_TO_32_BIT_CONVERSION = YES;
				GCC_WARN_ABOUT_RETURN_TYPE = YES_ERROR;
				GCC_WARN_UNDECLARED_SELECTOR = YES;
				GCC_WARN_UNINITIALIZED_AUTOS = YES_AGGRESSIVE;
				GCC_WARN_UNUSED_FUNCTION = YES;
				GCC_WARN_UNUSED_VARIABLE = YES;
				MTL_ENABLE_DEBUG_INFO = YES;
				ONLY_ACTIVE_ARCH = YES;
			};
			name = Debug;
		};
		4FCD54F31D835C0B003BB848 /* Release */ = {
			isa = XCBuildConfiguration;
			buildSettings = {
				ALWAYS_SEARCH_USER_PATHS = NO;
				CLANG_CXX_LANGUAGE_STANDARD = "gnu++0x";
				CLANG_CXX_LIBRARY = "libc++";
				CLANG_ENABLE_MODULES = YES;
				CLANG_ENABLE_OBJC_ARC = YES;
				CLANG_WARN_BLOCK_CAPTURE_AUTORELEASING = YES;
				CLANG_WARN_BOOL_CONVERSION = YES;
				CLANG_WARN_COMMA = YES;
				CLANG_WARN_CONSTANT_CONVERSION = YES;
				CLANG_WARN_DEPRECATED_OBJC_IMPLEMENTATIONS = YES;
				CLANG_WARN_DIRECT_OBJC_ISA_USAGE = YES_ERROR;
				CLANG_WARN_EMPTY_BODY = YES;
				CLANG_WARN_ENUM_CONVERSION = YES;
				CLANG_WARN_INFINITE_RECURSION = YES;
				CLANG_WARN_INT_CONVERSION = YES;
				CLANG_WARN_NON_LITERAL_NULL_CONVERSION = YES;
				CLANG_WARN_OBJC_IMPLICIT_RETAIN_SELF = YES;
				CLANG_WARN_OBJC_LITERAL_CONVERSION = YES;
				CLANG_WARN_OBJC_ROOT_CLASS = YES_ERROR;
				CLANG_WARN_RANGE_LOOP_ANALYSIS = YES;
				CLANG_WARN_STRICT_PROTOTYPES = YES;
				CLANG_WARN_SUSPICIOUS_MOVE = YES;
				CLANG_WARN_UNREACHABLE_CODE = YES;
				CLANG_WARN__DUPLICATE_METHOD_MATCH = YES;
				COPY_PHASE_STRIP = NO;
				DEBUG_INFORMATION_FORMAT = "dwarf-with-dsym";
				ENABLE_NS_ASSERTIONS = NO;
				ENABLE_STRICT_OBJC_MSGSEND = YES;
				GCC_C_LANGUAGE_STANDARD = gnu99;
				GCC_NO_COMMON_BLOCKS = YES;
				GCC_WARN_64_TO_32_BIT_CONVERSION = YES;
				GCC_WARN_ABOUT_RETURN_TYPE = YES_ERROR;
				GCC_WARN_UNDECLARED_SELECTOR = YES;
				GCC_WARN_UNINITIALIZED_AUTOS = YES_AGGRESSIVE;
				GCC_WARN_UNUSED_FUNCTION = YES;
				GCC_WARN_UNUSED_VARIABLE = YES;
				MTL_ENABLE_DEBUG_INFO = NO;
			};
			name = Release;
		};
		4FCD54F51D835C0B003BB848 /* Debug */ = {
			isa = XCBuildConfiguration;
			buildSettings = {
				DEBUGGING_SYMBOLS = YES;
				DEBUG_INFORMATION_FORMAT = dwarf;
				GCC_GENERATE_DEBUGGING_SYMBOLS = YES;
				GCC_OPTIMIZATION_LEVEL = 0;
				OTHER_CFLAGS = "";
				OTHER_LDFLAGS = "";
				PRODUCT_NAME = "$(TARGET_NAME)";
			};
			name = Debug;
		};
		4FCD54F61D835C0B003BB848 /* Release */ = {
			isa = XCBuildConfiguration;
			buildSettings = {
				DEBUG_INFORMATION_FORMAT = "dwarf-with-dsym";
				OTHER_CFLAGS = "";
				OTHER_LDFLAGS = "";
				PRODUCT_NAME = "$(TARGET_NAME)";
			};
			name = Release;
		};
		4FCD550B1D835CF6003BB848 /* Debug */ = {
			isa = XCBuildConfiguration;
			buildSettings = {
				CODE_SIGN_IDENTITY = "-";
				MACOSX_DEPLOYMENT_TARGET = 10.10;
				PRODUCT_NAME = "$(TARGET_NAME)";
				SDKROOT = macosx;
			};
			name = Debug;
		};
		4FCD550C1D835CF6003BB848 /* Release */ = {
			isa = XCBuildConfiguration;
			buildSettings = {
				CODE_SIGN_IDENTITY = "-";
				MACOSX_DEPLOYMENT_TARGET = 10.10;
				PRODUCT_NAME = "$(TARGET_NAME)";
				SDKROOT = macosx;
			};
			name = Release;
		};
/* End XCBuildConfiguration section */

/* Begin XCConfigurationList section */
		4FCD54F01D835C0B003BB848 /* Build configuration list for PBXProject "rwchcd" */ = {
			isa = XCConfigurationList;
			buildConfigurations = (
				4FCD54F21D835C0B003BB848 /* Debug */,
				4FCD54F31D835C0B003BB848 /* Release */,
			);
			defaultConfigurationIsVisible = 0;
			defaultConfigurationName = Release;
		};
		4FCD54F41D835C0B003BB848 /* Build configuration list for PBXLegacyTarget "rwchcd" */ = {
			isa = XCConfigurationList;
			buildConfigurations = (
				4FCD54F51D835C0B003BB848 /* Debug */,
				4FCD54F61D835C0B003BB848 /* Release */,
			);
			defaultConfigurationIsVisible = 0;
			defaultConfigurationName = Release;
		};
		4FCD550A1D835CF6003BB848 /* Build configuration list for PBXNativeTarget "daemon" */ = {
			isa = XCConfigurationList;
			buildConfigurations = (
				4FCD550B1D835CF6003BB848 /* Debug */,
				4FCD550C1D835CF6003BB848 /* Release */,
			);
			defaultConfigurationIsVisible = 0;
			defaultConfigurationName = Release;
		};
/* End XCConfigurationList section */
	};
	rootObject = 4FCD54ED1D835C0B003BB848 /* Project object */;
}
